<?xml version="1.0" encoding="utf-8"?>
<Project ToolsVersion="4.0" xmlns="http://schemas.microsoft.com/developer/msbuild/2003">
  <ItemGroup>
    <Filter Include="Source Files">
      <UniqueIdentifier>{76d48afa-eddb-4718-bd11-a6cd44b3f7b2}</UniqueIdentifier>
      <Extensions>cpp;c;cxx;rc;def;r;odl;idl;hpj;bat</Extensions>
    </Filter>
    <Filter Include="Resource Files">
      <UniqueIdentifier>{0e9bad7f-23ec-41e0-a7c6-96f0267631ff}</UniqueIdentifier>
      <Extensions>ico;cur;bmp;dlg;rc2;rct;bin;rgs;gif;jpg;jpeg;jpe</Extensions>
    </Filter>
    <Filter Include="Resource Files\AppCaption">
      <UniqueIdentifier>{8948c536-a34d-49de-b922-063a25c02348}</UniqueIdentifier>
    </Filter>
    <Filter Include="Resource Files\MainWnd">
      <UniqueIdentifier>{1cc46ce2-aa4b-4c3e-9537-39bad302eced}</UniqueIdentifier>
    </Filter>
    <Filter Include="Resource Files\MenuBar">
      <UniqueIdentifier>{586df8db-fdb9-4d7b-993b-bc4f81643051}</UniqueIdentifier>
    </Filter>
    <Filter Include="Resource Files\PopupBar">
      <UniqueIdentifier>{55378870-a79e-4781-a82b-6b5ad2784b13}</UniqueIdentifier>
    </Filter>
    <Filter Include="Resource Files\StatusBar">
      <UniqueIdentifier>{bf850aa8-d589-43ba-bb3f-b481b62528f7}</UniqueIdentifier>
    </Filter>
    <Filter Include="Resource Files\ToolBar">
      <UniqueIdentifier>{e1692d6c-44ba-4afc-9b06-44b7d819b329}</UniqueIdentifier>
    </Filter>
    <Filter Include="Resource Files\Ribbon">
      <UniqueIdentifier>{9d079f4f-9460-40a2-9daa-45ba7eb88fe4}</UniqueIdentifier>
    </Filter>
    <Filter Include="Resource Files\Ribbon\Buttons">
      <UniqueIdentifier>{afe26a9e-a01e-4759-91aa-3e4d7d56afd7}</UniqueIdentifier>
    </Filter>
  </ItemGroup>
  <ItemGroup>
    <ResourceCompile Include="BCGPStyleCarbon.rc">
      <Filter>Source Files</Filter>
    </ResourceCompile>
  </ItemGroup>
  <ItemGroup>
    <Image Include="Carbon\AppCaption\SysBtn_Back.png">
      <Filter>Resource Files\AppCaption</Filter>
    </Image>
    <Image Include="Carbon\AppCaption\SysBtn_Back_C.png">
      <Filter>Resource Files\AppCaption</Filter>
    </Image>
    <Image Include="Carbon\AppCaption\SysBtn_Back_C_H.png">
      <Filter>Resource Files\AppCaption</Filter>
    </Image>
    <Image Include="Carbon\AppCaption\SysBtn_Back_H.png">
      <Filter>Resource Files\AppCaption</Filter>
    </Image>
    <Image Include="Carbon\AppCaption\SysBtn_Close.png">
      <Filter>Resource Files\AppCaption</Filter>
    </Image>
    <Image Include="Carbon\AppCaption\SysBtn_Help.png">
      <Filter>Resource Files\AppCaption</Filter>
    </Image>
    <Image Include="Carbon\AppCaption\SysBtn_Maximize.png">
      <Filter>Resource Files\AppCaption</Filter>
    </Image>
    <Image Include="Carbon\AppCaption\SysBtn_Minimize.png">
      <Filter>Resource Files\AppCaption</Filter>
    </Image>
    <Image Include="Carbon\AppCaption\SysBtn_Restore.png">
      <Filter>Resource Files\AppCaption</Filter>
    </Image>
    <Image Include="Carbon\MainWnd\Border.png">
      <Filter>Resource Files\MainWnd</Filter>
    </Image>
    <Image Include="Carbon\MainWnd\BorderCaption.png">
      <Filter>Resource Files\MainWnd</Filter>
    </Image>
    <Image Include="Carbon\MainWnd\borderL.png">
      <Filter>Resource Files\MainWnd</Filter>
    </Image>
    <Image Include="Carbon\MainWnd\BorderMDIChild.png">
      <Filter>Resource Files\MainWnd</Filter>
    </Image>
    <Image Include="Carbon\MainWnd\borderMini.png">
      <Filter>Resource Files\MainWnd</Filter>
    </Image>
    <Image Include="Carbon\MainWnd\borderMiniCaption.png">
      <Filter>Resource Files\MainWnd</Filter>
    </Image>
    <Image Include="Carbon\MainWnd\borderMiniTB.png">
      <Filter>Resource Files\MainWnd</Filter>
    </Image>
    <Image Include="Carbon\MainWnd\borderR.png">
      <Filter>Resource Files\MainWnd</Filter>
    </Image>
    <Image Include="Carbon\MainWnd\borderTB.png">
      <Filter>Resource Files\MainWnd</Filter>
    </Image>
    <Image Include="Carbon\MenuBar\Btn.png">
      <Filter>Resource Files\MenuBar</Filter>
    </Image>
    <Image Include="Carbon\PopupBar\Border.png">
      <Filter>Resource Files\PopupBar</Filter>
    </Image>
    <Image Include="Carbon\PopupBar\btnCaption.png">
      <Filter>Resource Files\PopupBar</Filter>
    </Image>
    <Image Include="Carbon\PopupBar\Gripper.png">
      <Filter>Resource Files\PopupBar</Filter>
    </Image>
    <Image Include="Carbon\PopupBar\Item_Back.png">
      <Filter>Resource Files\PopupBar</Filter>
    </Image>
    <Image Include="Carbon\PopupBar\Item_Marker_C.png">
      <Filter>Resource Files\PopupBar</Filter>
    </Image>
    <Image Include="Carbon\PopupBar\Item_Marker_R.png">
      <Filter>Resource Files\PopupBar</Filter>
    </Image>
    <Image Include="Carbon\PopupBar\Tear.png">
      <Filter>Resource Files\PopupBar</Filter>
    </Image>
    <Image Include="Carbon\StatusBar\Back.png">
      <Filter>Resource Files\StatusBar</Filter>
    </Image>
    <Image Include="Carbon\StatusBar\Back_Ext.png">
      <Filter>Resource Files\StatusBar</Filter>
    </Image>
    <Image Include="Carbon\StatusBar\PaneBorder.png">
      <Filter>Resource Files\StatusBar</Filter>
    </Image>
    <Image Include="Carbon\StatusBar\SizeGrip.png">
      <Filter>Resource Files\StatusBar</Filter>
    </Image>
    <Image Include="Carbon\ToolBar\Btn.png">
      <Filter>Resource Files\ToolBar</Filter>
    </Image>
    <Image Include="Carbon\Ribbon\Buttons\Group.PNG">
      <Filter>Resource Files\Ribbon\Buttons</Filter>
    </Image>
    <Image Include="Carbon\Ribbon\Buttons\Push.png">
      <Filter>Resource Files\Ribbon\Buttons</Filter>
    </Image>
  </ItemGroup>
  <ItemGroup>
    <Xml Include="Carbon\Style.xml">
      <Filter>Resource Files</Filter>
    </Xml>
  </ItemGroup>
  <ItemGroup>
    <CustomBuild Include="BCGPStyleCarbon.rc2">
      <Filter>Source Files</Filter>
    </CustomBuild>
  </ItemGroup>
</Project>