<?xml version="1.0" encoding="utf-8"?>
<Project ToolsVersion="4.0" xmlns="http://schemas.microsoft.com/developer/msbuild/2003">
  <ItemGroup>
    <Filter Include="Source Files">
      <UniqueIdentifier>{8e9eee12-e293-46af-a50d-90cc6c225236}</UniqueIdentifier>
      <Extensions>cpp;c;cxx;rc;def;r;odl;idl;hpj;bat</Extensions>
    </Filter>
    <Filter Include="Resource Files">
      <UniqueIdentifier>{78621a42-6884-4ea6-9d75-c557540a7a8c}</UniqueIdentifier>
      <Extensions>ico;cur;bmp;dlg;rc2;rct;bin;rgs;gif;jpg;jpeg;jpe</Extensions>
    </Filter>
    <Filter Include="Resource Files\AppCaption">
      <UniqueIdentifier>{94b54d83-0348-41ba-9f56-1e03c663e19f}</UniqueIdentifier>
    </Filter>
    <Filter Include="Resource Files\MainWnd">
      <UniqueIdentifier>{f27b3316-dc82-4814-bbba-a30b7f8514c5}</UniqueIdentifier>
    </Filter>
    <Filter Include="Resource Files\MenuBar">
      <UniqueIdentifier>{73177ab3-630d-4894-b744-f246e3ba8491}</UniqueIdentifier>
    </Filter>
    <Filter Include="Resource Files\PopupBar">
      <UniqueIdentifier>{59ec715c-1bbc-4730-878a-cc5acdda761f}</UniqueIdentifier>
    </Filter>
    <Filter Include="Resource Files\StatusBar">
      <UniqueIdentifier>{c02ec018-3b27-419c-b9c9-40771f4bae15}</UniqueIdentifier>
    </Filter>
    <Filter Include="Resource Files\Tab">
      <UniqueIdentifier>{8140a43c-dbca-4d52-b397-6bcf2f640109}</UniqueIdentifier>
    </Filter>
    <Filter Include="Resource Files\TaskPane">
      <UniqueIdentifier>{4129059a-1c63-4a95-800e-c5ddd8f6fdf3}</UniqueIdentifier>
    </Filter>
    <Filter Include="Resource Files\ToolBar">
      <UniqueIdentifier>{abd3c0b3-1b45-4e11-86b7-f89f81798f98}</UniqueIdentifier>
    </Filter>
    <Filter Include="Resource Files\Ribbon">
      <UniqueIdentifier>{ba2fc355-3b67-46d5-b330-9186ca61a76f}</UniqueIdentifier>
    </Filter>
    <Filter Include="Resource Files\Ribbon\Buttons">
      <UniqueIdentifier>{abe7cae9-b4cf-40a3-8f72-5e85bbe85b19}</UniqueIdentifier>
    </Filter>
    <Filter Include="Resource Files\Ribbon\Category_Context">
      <UniqueIdentifier>{fb8c916e-4ff8-4880-b544-6b79cc92ac39}</UniqueIdentifier>
    </Filter>
    <Filter Include="Resource Files\Ribbon\Category_Context\Red">
      <UniqueIdentifier>{15df7104-bb7b-49c6-aeb2-32afc2a57118}</UniqueIdentifier>
    </Filter>
    <Filter Include="Resource Files\Ribbon\Category_Context\Orange">
      <UniqueIdentifier>{b9d26321-766c-468a-9366-1f3a555e34e2}</UniqueIdentifier>
    </Filter>
    <Filter Include="Resource Files\Ribbon\Category_Context\Yellow">
      <UniqueIdentifier>{2113eec5-cbc2-4a80-9c8a-c22c9eaa124c}</UniqueIdentifier>
    </Filter>
    <Filter Include="Resource Files\Ribbon\Category_Context\Green">
      <UniqueIdentifier>{c5075eee-bd48-454d-90b7-d4e039a7a193}</UniqueIdentifier>
    </Filter>
    <Filter Include="Resource Files\Ribbon\Category_Context\Blue">
      <UniqueIdentifier>{bf2f77d6-91ee-42c6-93d6-a7c23191092d}</UniqueIdentifier>
    </Filter>
    <Filter Include="Resource Files\Ribbon\Category_Context\Indigo">
      <UniqueIdentifier>{13ea02fc-9e00-4329-9787-10197e9394b7}</UniqueIdentifier>
    </Filter>
    <Filter Include="Resource Files\Ribbon\Category_Context\Violet">
      <UniqueIdentifier>{d9bf80ea-c9e5-4ff1-b6ce-4b5393e0c180}</UniqueIdentifier>
    </Filter>
    <Filter Include="Resource Files\Ribbon\Slider">
      <UniqueIdentifier>{91f3e8f0-e6d3-44d8-9d16-5cb9e19e0112}</UniqueIdentifier>
    </Filter>
    <Filter Include="Resource Files\Ribbon\Progress">
      <UniqueIdentifier>{966ed2a7-1227-40b6-b89b-314c01540418}</UniqueIdentifier>
    </Filter>
    <Filter Include="Resource Files\Scroll">
      <UniqueIdentifier>{d30c72b8-c22e-4900-ac4b-4c4c13df97d4}</UniqueIdentifier>
    </Filter>
    <Filter Include="Resource Files\Scroll\Horz">
      <UniqueIdentifier>{4b741e2a-e0ec-4ef0-bcf8-895aac52dda0}</UniqueIdentifier>
    </Filter>
    <Filter Include="Resource Files\Scroll\Vert">
      <UniqueIdentifier>{acbf8570-48b0-4883-ab67-1b96f6e8f494}</UniqueIdentifier>
    </Filter>
    <Filter Include="Resource Files\Slider No. 1">
      <UniqueIdentifier>{5a54668a-02ba-4e88-adc5-9e4a259d2dbb}</UniqueIdentifier>
    </Filter>
    <Filter Include="Resource Files\Calculator">
      <UniqueIdentifier>{dd244b62-c683-4cb6-9a79-795e601bcf03}</UniqueIdentifier>
    </Filter>
  </ItemGroup>
  <ItemGroup>
    <ResourceCompile Include="BCGPStyle2007Aqua.rc">
      <Filter>Source Files</Filter>
    </ResourceCompile>
  </ItemGroup>
  <ItemGroup>
    <Image Include="Office 2007 (aqua)\AppCaption\SysBtn_Back.png">
      <Filter>Resource Files\AppCaption</Filter>
    </Image>
    <Image Include="Office 2007 (aqua)\AppCaption\SysBtn_Close.png">
      <Filter>Resource Files\AppCaption</Filter>
    </Image>
    <Image Include="Office 2007 (aqua)\AppCaption\SysBtn_Close_S.png">
      <Filter>Resource Files\AppCaption</Filter>
    </Image>
    <Image Include="Office 2007 (aqua)\AppCaption\SysBtn_Help.png">
      <Filter>Resource Files\AppCaption</Filter>
    </Image>
    <Image Include="Office 2007 (aqua)\AppCaption\SysBtn_Help_S.png">
      <Filter>Resource Files\AppCaption</Filter>
    </Image>
    <Image Include="Office 2007 (aqua)\AppCaption\SysBtn_Maximize.png">
      <Filter>Resource Files\AppCaption</Filter>
    </Image>
    <Image Include="Office 2007 (aqua)\AppCaption\SysBtn_Maximize_S.png">
      <Filter>Resource Files\AppCaption</Filter>
    </Image>
    <Image Include="Office 2007 (aqua)\AppCaption\SysBtn_Minimize.png">
      <Filter>Resource Files\AppCaption</Filter>
    </Image>
    <Image Include="Office 2007 (aqua)\AppCaption\SysBtn_Minimize_S.png">
      <Filter>Resource Files\AppCaption</Filter>
    </Image>
    <Image Include="Office 2007 (aqua)\AppCaption\SysBtn_Restore.png">
      <Filter>Resource Files\AppCaption</Filter>
    </Image>
    <Image Include="Office 2007 (aqua)\AppCaption\SysBtn_Restore_S.png">
      <Filter>Resource Files\AppCaption</Filter>
    </Image>
    <Image Include="Office 2007 (aqua)\MainWnd\Border.png">
      <Filter>Resource Files\MainWnd</Filter>
    </Image>
    <Image Include="Office 2007 (aqua)\MainWnd\BorderCaption.png">
      <Filter>Resource Files\MainWnd</Filter>
    </Image>
    <Image Include="Office 2007 (aqua)\MainWnd\BorderMDIChild.png">
      <Filter>Resource Files\MainWnd</Filter>
    </Image>
    <Image Include="Office 2007 (aqua)\MenuBar\Btn.png">
      <Filter>Resource Files\MenuBar</Filter>
    </Image>
    <Image Include="Office 2007 (aqua)\PopupBar\Border.png">
      <Filter>Resource Files\PopupBar</Filter>
    </Image>
    <Image Include="Office 2007 (aqua)\PopupBar\Gripper.png">
      <Filter>Resource Files\PopupBar</Filter>
    </Image>
    <Image Include="Office 2007 (aqua)\PopupBar\Item_Back.png">
      <Filter>Resource Files\PopupBar</Filter>
    </Image>
    <Image Include="Office 2007 (aqua)\PopupBar\Item_Marker_C.png">
      <Filter>Resource Files\PopupBar</Filter>
    </Image>
    <Image Include="Office 2007 (aqua)\PopupBar\Item_Marker_R.png">
      <Filter>Resource Files\PopupBar</Filter>
    </Image>
    <Image Include="Office 2007 (aqua)\PopupBar\Item_Pin.png">
      <Filter>Resource Files\PopupBar</Filter>
    </Image>
    <Image Include="Office 2007 (aqua)\PopupBar\MenuHighlight.png">
      <Filter>Resource Files\PopupBar</Filter>
    </Image>
    <Image Include="Office 2007 (aqua)\PopupBar\MenuHighlightDisabled.png">
      <Filter>Resource Files\PopupBar</Filter>
    </Image>
    <Image Include="Office 2007 (aqua)\PopupBar\MenuScrollBtn.png">
      <Filter>Resource Files\PopupBar</Filter>
    </Image>
    <Image Include="Office 2007 (aqua)\PopupBar\ResizeBar.png">
      <Filter>Resource Files\PopupBar</Filter>
    </Image>
    <Image Include="Office 2007 (aqua)\PopupBar\ResizeBar_HV.png">
      <Filter>Resource Files\PopupBar</Filter>
    </Image>
    <Image Include="Office 2007 (aqua)\PopupBar\ResizeBar_HVT.png">
      <Filter>Resource Files\PopupBar</Filter>
    </Image>
    <Image Include="Office 2007 (aqua)\PopupBar\ResizeBar_V.png">
      <Filter>Resource Files\PopupBar</Filter>
    </Image>
    <Image Include="Office 2007 (aqua)\PopupBar\Tear.png">
      <Filter>Resource Files\PopupBar</Filter>
    </Image>
    <Image Include="Office 2007 (aqua)\StatusBar\Back.png">
      <Filter>Resource Files\StatusBar</Filter>
    </Image>
    <Image Include="Office 2007 (aqua)\StatusBar\Back_Ext.png">
      <Filter>Resource Files\StatusBar</Filter>
    </Image>
    <Image Include="Office 2007 (aqua)\StatusBar\PaneBorder.png">
      <Filter>Resource Files\StatusBar</Filter>
    </Image>
    <Image Include="Office 2007 (aqua)\StatusBar\SizeGrip.png">
      <Filter>Resource Files\StatusBar</Filter>
    </Image>
    <Image Include="Office 2007 (aqua)\Tab\3D.png">
      <Filter>Resource Files\Tab</Filter>
    </Image>
    <Image Include="Office 2007 (aqua)\Tab\Dot_E.PNG">
      <Filter>Resource Files\Tab</Filter>
    </Image>
    <Image Include="Office 2007 (aqua)\Tab\Dot_R.PNG">
      <Filter>Resource Files\Tab</Filter>
    </Image>
    <Image Include="Office 2007 (aqua)\Tab\Flat.png">
      <Filter>Resource Files\Tab</Filter>
    </Image>
    <Image Include="Office 2007 (aqua)\TaskPane\ScrollBtn.png">
      <Filter>Resource Files\TaskPane</Filter>
    </Image>
    <Image Include="Office 2007 (aqua)\ToolBar\Btn.png">
      <Filter>Resource Files\ToolBar</Filter>
    </Image>
    <Image Include="Office 2007 (aqua)\Ribbon\Buttons\Check.png">
      <Filter>Resource Files\Ribbon\Buttons</Filter>
    </Image>
    <Image Include="Office 2007 (aqua)\Ribbon\Buttons\Default.png">
      <Filter>Resource Files\Ribbon\Buttons</Filter>
    </Image>
    <Image Include="Office 2007 (aqua)\Ribbon\Buttons\Default_Image.png">
      <Filter>Resource Files\Ribbon\Buttons</Filter>
    </Image>
    <Image Include="Office 2007 (aqua)\Ribbon\Buttons\Default_QAT.png">
      <Filter>Resource Files\Ribbon\Buttons</Filter>
    </Image>
    <Image Include="Office 2007 (aqua)\Ribbon\Buttons\Default_QAT_Icon.png">
      <Filter>Resource Files\Ribbon\Buttons</Filter>
    </Image>
    <Image Include="Office 2007 (aqua)\Ribbon\Buttons\Group.png">
      <Filter>Resource Files\Ribbon\Buttons</Filter>
    </Image>
    <Image Include="Office 2007 (aqua)\Ribbon\Buttons\Group_F.png">
      <Filter>Resource Files\Ribbon\Buttons</Filter>
    </Image>
    <Image Include="Office 2007 (aqua)\Ribbon\Buttons\Group_L.png">
      <Filter>Resource Files\Ribbon\Buttons</Filter>
    </Image>
    <Image Include="Office 2007 (aqua)\Ribbon\Buttons\Group_M.png">
      <Filter>Resource Files\Ribbon\Buttons</Filter>
    </Image>
    <Image Include="Office 2007 (aqua)\Ribbon\Buttons\Group_S.png">
      <Filter>Resource Files\Ribbon\Buttons</Filter>
    </Image>
    <Image Include="Office 2007 (aqua)\Ribbon\Buttons\GroupMenu_F_C.png">
      <Filter>Resource Files\Ribbon\Buttons</Filter>
    </Image>
    <Image Include="Office 2007 (aqua)\Ribbon\Buttons\GroupMenu_F_M.png">
      <Filter>Resource Files\Ribbon\Buttons</Filter>
    </Image>
    <Image Include="Office 2007 (aqua)\Ribbon\Buttons\GroupMenu_L_C.png">
      <Filter>Resource Files\Ribbon\Buttons</Filter>
    </Image>
    <Image Include="Office 2007 (aqua)\Ribbon\Buttons\GroupMenu_L_M.png">
      <Filter>Resource Files\Ribbon\Buttons</Filter>
    </Image>
    <Image Include="Office 2007 (aqua)\Ribbon\Buttons\GroupMenu_M_C.png">
      <Filter>Resource Files\Ribbon\Buttons</Filter>
    </Image>
    <Image Include="Office 2007 (aqua)\Ribbon\Buttons\GroupMenu_M_M.png">
      <Filter>Resource Files\Ribbon\Buttons</Filter>
    </Image>
    <Image Include="Office 2007 (aqua)\Ribbon\Buttons\Launch_Icon.png">
      <Filter>Resource Files\Ribbon\Buttons</Filter>
    </Image>
    <Image Include="Office 2007 (aqua)\Ribbon\Buttons\Main.png">
      <Filter>Resource Files\Ribbon\Buttons</Filter>
    </Image>
    <Image Include="Office 2007 (aqua)\Ribbon\Buttons\Main_Panel.png">
      <Filter>Resource Files\Ribbon\Buttons</Filter>
    </Image>
    <Image Include="Office 2007 (aqua)\Ribbon\Buttons\Menu_H_C.png">
      <Filter>Resource Files\Ribbon\Buttons</Filter>
    </Image>
    <Image Include="Office 2007 (aqua)\Ribbon\Buttons\Menu_H_M.png">
      <Filter>Resource Files\Ribbon\Buttons</Filter>
    </Image>
    <Image Include="Office 2007 (aqua)\Ribbon\Buttons\Menu_V_C.png">
      <Filter>Resource Files\Ribbon\Buttons</Filter>
    </Image>
    <Image Include="Office 2007 (aqua)\Ribbon\Buttons\Menu_V_M.png">
      <Filter>Resource Files\Ribbon\Buttons</Filter>
    </Image>
    <Image Include="Office 2007 (aqua)\Ribbon\Buttons\Normal_B.png">
      <Filter>Resource Files\Ribbon\Buttons</Filter>
    </Image>
    <Image Include="Office 2007 (aqua)\Ribbon\Buttons\Normal_S.png">
      <Filter>Resource Files\Ribbon\Buttons</Filter>
    </Image>
    <Image Include="Office 2007 (aqua)\Ribbon\Buttons\Page_L.png">
      <Filter>Resource Files\Ribbon\Buttons</Filter>
    </Image>
    <Image Include="Office 2007 (aqua)\Ribbon\Buttons\Page_R.png">
      <Filter>Resource Files\Ribbon\Buttons</Filter>
    </Image>
    <Image Include="Office 2007 (aqua)\Ribbon\Buttons\Palette_B.png">
      <Filter>Resource Files\Ribbon\Buttons</Filter>
    </Image>
    <Image Include="Office 2007 (aqua)\Ribbon\Buttons\Palette_M.png">
      <Filter>Resource Files\Ribbon\Buttons</Filter>
    </Image>
    <Image Include="Office 2007 (aqua)\Ribbon\Buttons\Palette_T.png">
      <Filter>Resource Files\Ribbon\Buttons</Filter>
    </Image>
    <Image Include="Office 2007 (aqua)\Ribbon\Buttons\Push.png">
      <Filter>Resource Files\Ribbon\Buttons</Filter>
    </Image>
    <Image Include="Office 2007 (aqua)\Ribbon\Buttons\Radio.PNG">
      <Filter>Resource Files\Ribbon\Buttons</Filter>
    </Image>
    <Image Include="Office 2007 (aqua)\Ribbon\Buttons\StatusPane.png">
      <Filter>Resource Files\Ribbon\Buttons</Filter>
    </Image>
    <Image Include="Office 2007 (aqua)\Ribbon\Category_Context\Red\Back.png">
      <Filter>Resource Files\Ribbon\Category_Context\Red</Filter>
    </Image>
    <Image Include="Office 2007 (aqua)\Ribbon\Category_Context\Red\Caption.png">
      <Filter>Resource Files\Ribbon\Category_Context\Red</Filter>
    </Image>
    <Image Include="Office 2007 (aqua)\Ribbon\Category_Context\Red\Default.png">
      <Filter>Resource Files\Ribbon\Category_Context\Red</Filter>
    </Image>
    <Image Include="Office 2007 (aqua)\Ribbon\Category_Context\Red\Tab.png">
      <Filter>Resource Files\Ribbon\Category_Context\Red</Filter>
    </Image>
    <Image Include="Office 2007 (aqua)\Ribbon\Category_Context\Orange\Back.png">
      <Filter>Resource Files\Ribbon\Category_Context\Orange</Filter>
    </Image>
    <Image Include="Office 2007 (aqua)\Ribbon\Category_Context\Orange\Caption.png">
      <Filter>Resource Files\Ribbon\Category_Context\Orange</Filter>
    </Image>
    <Image Include="Office 2007 (aqua)\Ribbon\Category_Context\Orange\Default.png">
      <Filter>Resource Files\Ribbon\Category_Context\Orange</Filter>
    </Image>
    <Image Include="Office 2007 (aqua)\Ribbon\Category_Context\Orange\Tab.png">
      <Filter>Resource Files\Ribbon\Category_Context\Orange</Filter>
    </Image>
    <Image Include="Office 2007 (aqua)\Ribbon\Category_Context\Yellow\Back.png">
      <Filter>Resource Files\Ribbon\Category_Context\Yellow</Filter>
    </Image>
    <Image Include="Office 2007 (aqua)\Ribbon\Category_Context\Yellow\Caption.png">
      <Filter>Resource Files\Ribbon\Category_Context\Yellow</Filter>
    </Image>
    <Image Include="Office 2007 (aqua)\Ribbon\Category_Context\Yellow\Default.png">
      <Filter>Resource Files\Ribbon\Category_Context\Yellow</Filter>
    </Image>
    <Image Include="Office 2007 (aqua)\Ribbon\Category_Context\Yellow\Tab.png">
      <Filter>Resource Files\Ribbon\Category_Context\Yellow</Filter>
    </Image>
    <Image Include="Office 2007 (aqua)\Ribbon\Category_Context\Green\Back.png">
      <Filter>Resource Files\Ribbon\Category_Context\Green</Filter>
    </Image>
    <Image Include="Office 2007 (aqua)\Ribbon\Category_Context\Green\Caption.png">
      <Filter>Resource Files\Ribbon\Category_Context\Green</Filter>
    </Image>
    <Image Include="Office 2007 (aqua)\Ribbon\Category_Context\Green\Default.png">
      <Filter>Resource Files\Ribbon\Category_Context\Green</Filter>
    </Image>
    <Image Include="Office 2007 (aqua)\Ribbon\Category_Context\Green\Tab.png">
      <Filter>Resource Files\Ribbon\Category_Context\Green</Filter>
    </Image>
    <Image Include="Office 2007 (aqua)\Ribbon\Category_Context\Blue\Back.png">
      <Filter>Resource Files\Ribbon\Category_Context\Blue</Filter>
    </Image>
    <Image Include="Office 2007 (aqua)\Ribbon\Category_Context\Blue\Caption.png">
      <Filter>Resource Files\Ribbon\Category_Context\Blue</Filter>
    </Image>
    <Image Include="Office 2007 (aqua)\Ribbon\Category_Context\Blue\Default.png">
      <Filter>Resource Files\Ribbon\Category_Context\Blue</Filter>
    </Image>
    <Image Include="Office 2007 (aqua)\Ribbon\Category_Context\Blue\Tab.png">
      <Filter>Resource Files\Ribbon\Category_Context\Blue</Filter>
    </Image>
    <Image Include="Office 2007 (aqua)\Ribbon\Category_Context\Indigo\Back.png">
      <Filter>Resource Files\Ribbon\Category_Context\Indigo</Filter>
    </Image>
    <Image Include="Office 2007 (aqua)\Ribbon\Category_Context\Indigo\Caption.png">
      <Filter>Resource Files\Ribbon\Category_Context\Indigo</Filter>
    </Image>
    <Image Include="Office 2007 (aqua)\Ribbon\Category_Context\Indigo\Default.png">
      <Filter>Resource Files\Ribbon\Category_Context\Indigo</Filter>
    </Image>
    <Image Include="Office 2007 (aqua)\Ribbon\Category_Context\Indigo\Tab.png">
      <Filter>Resource Files\Ribbon\Category_Context\Indigo</Filter>
    </Image>
    <Image Include="Office 2007 (aqua)\Ribbon\Category_Context\Violet\Back.png">
      <Filter>Resource Files\Ribbon\Category_Context\Violet</Filter>
    </Image>
    <Image Include="Office 2007 (aqua)\Ribbon\Category_Context\Violet\Caption.png">
      <Filter>Resource Files\Ribbon\Category_Context\Violet</Filter>
    </Image>
    <Image Include="Office 2007 (aqua)\Ribbon\Category_Context\Violet\Default.png">
      <Filter>Resource Files\Ribbon\Category_Context\Violet</Filter>
    </Image>
    <Image Include="Office 2007 (aqua)\Ribbon\Category_Context\Violet\Tab.png">
      <Filter>Resource Files\Ribbon\Category_Context\Violet</Filter>
    </Image>
    <Image Include="Office 2007 (aqua)\Ribbon\Category_Context\Panel_Back_B.png">
      <Filter>Resource Files\Ribbon\Category_Context</Filter>
    </Image>
    <Image Include="Office 2007 (aqua)\Ribbon\Category_Context\Panel_Back_T.png">
      <Filter>Resource Files\Ribbon\Category_Context</Filter>
    </Image>
    <Image Include="Office 2007 (aqua)\Ribbon\Category_Context\Separator.png">
      <Filter>Resource Files\Ribbon\Category_Context</Filter>
    </Image>
    <Image Include="Office 2007 (aqua)\Ribbon\Slider\Minus.png">
      <Filter>Resource Files\Ribbon\Slider</Filter>
    </Image>
    <Image Include="Office 2007 (aqua)\Ribbon\Slider\Plus.png">
      <Filter>Resource Files\Ribbon\Slider</Filter>
    </Image>
    <Image Include="Office 2007 (aqua)\Ribbon\Slider\Thumb.png">
      <Filter>Resource Files\Ribbon\Slider</Filter>
    </Image>
    <Image Include="Office 2007 (aqua)\Ribbon\Slider\Thumb_H.png">
      <Filter>Resource Files\Ribbon\Slider</Filter>
    </Image>
    <Image Include="Office 2007 (aqua)\Ribbon\Slider\Thumb_L.png">
      <Filter>Resource Files\Ribbon\Slider</Filter>
    </Image>
    <Image Include="Office 2007 (aqua)\Ribbon\Slider\Thumb_R.png">
      <Filter>Resource Files\Ribbon\Slider</Filter>
    </Image>
    <Image Include="Office 2007 (aqua)\Ribbon\Slider\Thumb_T.png">
      <Filter>Resource Files\Ribbon\Slider</Filter>
    </Image>
    <Image Include="Office 2007 (aqua)\Ribbon\Slider\Thumb_V.png">
      <Filter>Resource Files\Ribbon\Slider</Filter>
    </Image>
    <Image Include="Office 2007 (aqua)\Ribbon\Progress\Back.png">
      <Filter>Resource Files\Ribbon\Progress</Filter>
    </Image>
    <Image Include="Office 2007 (aqua)\Ribbon\Progress\Infinity.png">
      <Filter>Resource Files\Ribbon\Progress</Filter>
    </Image>
    <Image Include="Office 2007 (aqua)\Ribbon\Progress\Normal.png">
      <Filter>Resource Files\Ribbon\Progress</Filter>
    </Image>
    <Image Include="Office 2007 (aqua)\Ribbon\Progress\Normal_Ext.png">
      <Filter>Resource Files\Ribbon\Progress</Filter>
    </Image>
    <Image Include="Office 2007 (aqua)\Ribbon\Border_Floaty.png">
      <Filter>Resource Files\Ribbon</Filter>
    </Image>
    <Image Include="Office 2007 (aqua)\Ribbon\Caption_QA.png">
      <Filter>Resource Files\Ribbon</Filter>
    </Image>
    <Image Include="Office 2007 (aqua)\Ribbon\Caption_QA_Glass.png">
      <Filter>Resource Files\Ribbon</Filter>
    </Image>
    <Image Include="Office 2007 (aqua)\Ribbon\Category_Back.png">
      <Filter>Resource Files\Ribbon</Filter>
    </Image>
    <Image Include="Office 2007 (aqua)\Ribbon\Category_Tab.png">
      <Filter>Resource Files\Ribbon</Filter>
    </Image>
    <Image Include="Office 2007 (aqua)\Ribbon\KeyTip.png">
      <Filter>Resource Files\Ribbon</Filter>
    </Image>
    <Image Include="Office 2007 (aqua)\Ribbon\Panel_Back_B.png">
      <Filter>Resource Files\Ribbon</Filter>
    </Image>
    <Image Include="Office 2007 (aqua)\Ribbon\Panel_Back_T.png">
      <Filter>Resource Files\Ribbon</Filter>
    </Image>
    <Image Include="Office 2007 (aqua)\Ribbon\Separator.png">
      <Filter>Resource Files\Ribbon</Filter>
    </Image>
    <Image Include="Office 2007 (aqua)\Scroll\Horz\Back_1.png">
      <Filter>Resource Files\Scroll\Horz</Filter>
    </Image>
    <Image Include="Office 2007 (aqua)\Scroll\Horz\Back_2.png">
      <Filter>Resource Files\Scroll\Horz</Filter>
    </Image>
    <Image Include="Office 2007 (aqua)\Scroll\Horz\Item_1.png">
      <Filter>Resource Files\Scroll\Horz</Filter>
    </Image>
    <Image Include="Office 2007 (aqua)\Scroll\Horz\Item_2.png">
      <Filter>Resource Files\Scroll\Horz</Filter>
    </Image>
    <Image Include="Office 2007 (aqua)\Scroll\Horz\Thumb.png">
      <Filter>Resource Files\Scroll\Horz</Filter>
    </Image>
    <Image Include="Office 2007 (aqua)\Scroll\Horz\ThumbIcon.png">
      <Filter>Resource Files\Scroll\Horz</Filter>
    </Image>
    <Image Include="Office 2007 (aqua)\Scroll\Vert\Back_1.png">
      <Filter>Resource Files\Scroll\Vert</Filter>
    </Image>
    <Image Include="Office 2007 (aqua)\Scroll\Vert\Back_2.png">
      <Filter>Resource Files\Scroll\Vert</Filter>
    </Image>
    <Image Include="Office 2007 (aqua)\Scroll\Vert\Item_1.png">
      <Filter>Resource Files\Scroll\Vert</Filter>
    </Image>
    <Image Include="Office 2007 (aqua)\Scroll\Vert\Item_2.png">
      <Filter>Resource Files\Scroll\Vert</Filter>
    </Image>
    <Image Include="Office 2007 (aqua)\Scroll\Vert\Thumb.png">
      <Filter>Resource Files\Scroll\Vert</Filter>
    </Image>
    <Image Include="Office 2007 (aqua)\Scroll\Vert\ThumbIcon.png">
      <Filter>Resource Files\Scroll\Vert</Filter>
    </Image>
    <Image Include="Office 2007 (aqua)\Slider\Thumb_B.png">
      <Filter>Resource Files\Slider No. 1</Filter>
    </Image>
    <Image Include="Office 2007 (aqua)\Slider\Thumb_H.png">
      <Filter>Resource Files\Slider No. 1</Filter>
    </Image>
    <Image Include="Office 2007 (aqua)\Slider\Thumb_L.png">
      <Filter>Resource Files\Slider No. 1</Filter>
    </Image>
    <Image Include="Office 2007 (aqua)\Slider\Thumb_R.png">
      <Filter>Resource Files\Slider No. 1</Filter>
    </Image>
    <Image Include="Office 2007 (aqua)\Slider\Thumb_T.png">
      <Filter>Resource Files\Slider No. 1</Filter>
    </Image>
    <Image Include="Office 2007 (aqua)\Slider\Thumb_V.png">
      <Filter>Resource Files\Slider No. 1</Filter>
    </Image>
    <Image Include="Office 2007 (aqua)\Calculator\Btn.png">
      <Filter>Resource Files\Calculator</Filter>
    </Image>
  </ItemGroup>
  <ItemGroup>
    <Xml Include="Office 2007 (aqua)\Style.xml">
      <Filter>Resource Files</Filter>
    </Xml>
  </ItemGroup>
  <ItemGroup>
    <CustomBuild Include="BCGPStyle2007Aqua.rc2">
      <Filter>Source Files</Filter>
    </CustomBuild>
  </ItemGroup>
</Project>