<?xml version="1.0" encoding="utf-8"?>
<Project ToolsVersion="4.0" xmlns="http://schemas.microsoft.com/developer/msbuild/2003">
  <ItemGroup>
    <Filter Include="Source Files">
      <UniqueIdentifier>{b99296d9-ddf3-4807-a523-62c8f07b21e4}</UniqueIdentifier>
      <Extensions>cpp;c;cxx;rc;def;r;odl;idl;hpj;bat</Extensions>
    </Filter>
    <Filter Include="Resource Files">
      <UniqueIdentifier>{2167476b-2cd9-4b71-8f7b-fe234b23c999}</UniqueIdentifier>
      <Extensions>ico;cur;bmp;dlg;rc2;rct;bin;rgs;gif;jpg;jpeg;jpe</Extensions>
    </Filter>
    <Filter Include="Resource Files\PopupBar">
      <UniqueIdentifier>{b43757e5-00b0-4d49-952f-67d8826f088f}</UniqueIdentifier>
    </Filter>
    <Filter Include="Resource Files\Ribbon">
      <UniqueIdentifier>{8cef7e87-b519-44bf-af93-508c9c916cbe}</UniqueIdentifier>
    </Filter>
    <Filter Include="Resource Files\Ribbon\Buttons">
      <UniqueIdentifier>{c86c9281-1af0-474e-8f0e-17827dcaaec6}</UniqueIdentifier>
    </Filter>
    <Filter Include="Resource Files\Ribbon\Category_Context">
      <UniqueIdentifier>{9ea17900-13a9-46bd-891a-028bca399517}</UniqueIdentifier>
    </Filter>
    <Filter Include="Resource Files\Ribbon\Category_Context\Red">
      <UniqueIdentifier>{f6fa8ced-d23f-49c9-b835-9013da552dd9}</UniqueIdentifier>
    </Filter>
    <Filter Include="Resource Files\Ribbon\Category_Context\Orange">
      <UniqueIdentifier>{c26ce6a3-73d1-460b-8d57-d34aa83de26a}</UniqueIdentifier>
    </Filter>
    <Filter Include="Resource Files\Ribbon\Category_Context\Yellow">
      <UniqueIdentifier>{84aa8b0f-123f-487a-ade8-92bd9da67877}</UniqueIdentifier>
    </Filter>
    <Filter Include="Resource Files\Ribbon\Category_Context\Green">
      <UniqueIdentifier>{65a75f09-bf0f-499b-8602-ce36babfec9e}</UniqueIdentifier>
    </Filter>
    <Filter Include="Resource Files\Ribbon\Category_Context\Blue">
      <UniqueIdentifier>{4bdc9dc4-5b0a-46a7-9fb4-c2c79c015299}</UniqueIdentifier>
    </Filter>
    <Filter Include="Resource Files\Ribbon\Category_Context\Indigo">
      <UniqueIdentifier>{27a1e298-1fff-474d-bb8a-64d4d2750e03}</UniqueIdentifier>
    </Filter>
    <Filter Include="Resource Files\Ribbon\Category_Context\Violet">
      <UniqueIdentifier>{bbaafd2d-9286-43d6-b5c8-08a842b36c1c}</UniqueIdentifier>
    </Filter>
    <Filter Include="Resource Files\Ribbon\Slider">
      <UniqueIdentifier>{f605ce6c-00cb-4828-9a15-a5344934f7f8}</UniqueIdentifier>
    </Filter>
    <Filter Include="Resource Files\ComboBox">
      <UniqueIdentifier>{003812c1-6e8b-4810-b0aa-67b6a1fbca47}</UniqueIdentifier>
    </Filter>
  </ItemGroup>
  <ItemGroup>
    <ResourceCompile Include="BCGPStyleScenic.rc">
      <Filter>Source Files</Filter>
    </ResourceCompile>
  </ItemGroup>
  <ItemGroup>
    <Image Include="Scenic\PopupBar\Border.png">
      <Filter>Resource Files\PopupBar</Filter>
    </Image>
    <Image Include="Scenic\PopupBar\Item_Back.png">
      <Filter>Resource Files\PopupBar</Filter>
    </Image>
    <Image Include="Scenic\PopupBar\Item_Marker_C.png">
      <Filter>Resource Files\PopupBar</Filter>
    </Image>
    <Image Include="Scenic\PopupBar\Item_Marker_R.png">
      <Filter>Resource Files\PopupBar</Filter>
    </Image>
    <Image Include="Scenic\PopupBar\MenuHighlight.png">
      <Filter>Resource Files\PopupBar</Filter>
    </Image>
    <Image Include="Scenic\PopupBar\MenuHighlightDisabled.png">
      <Filter>Resource Files\PopupBar</Filter>
    </Image>
    <Image Include="Scenic\PopupBar\ResizeBar.png">
      <Filter>Resource Files\PopupBar</Filter>
    </Image>
    <Image Include="Scenic\PopupBar\ResizeBar_HV.png">
      <Filter>Resource Files\PopupBar</Filter>
    </Image>
    <Image Include="Scenic\PopupBar\ResizeBar_HVT.png">
      <Filter>Resource Files\PopupBar</Filter>
    </Image>
    <Image Include="Scenic\PopupBar\ResizeBar_V.png">
      <Filter>Resource Files\PopupBar</Filter>
    </Image>
    <Image Include="Scenic\Ribbon\Buttons\Check.png">
      <Filter>Resource Files\Ribbon\Buttons</Filter>
    </Image>
    <Image Include="Scenic\Ribbon\Buttons\Default.png">
      <Filter>Resource Files\Ribbon\Buttons</Filter>
    </Image>
    <Image Include="Scenic\Ribbon\Buttons\Default_Icon.png">
      <Filter>Resource Files\Ribbon\Buttons</Filter>
    </Image>
    <Image Include="Scenic\Ribbon\Buttons\Default_Image.png">
      <Filter>Resource Files\Ribbon\Buttons</Filter>
    </Image>
    <Image Include="Scenic\Ribbon\Buttons\Default_QAT.png">
      <Filter>Resource Files\Ribbon\Buttons</Filter>
    </Image>
    <Image Include="Scenic\Ribbon\Buttons\Group_F.png">
      <Filter>Resource Files\Ribbon\Buttons</Filter>
    </Image>
    <Image Include="Scenic\Ribbon\Buttons\Group_L.png">
      <Filter>Resource Files\Ribbon\Buttons</Filter>
    </Image>
    <Image Include="Scenic\Ribbon\Buttons\Group_M.png">
      <Filter>Resource Files\Ribbon\Buttons</Filter>
    </Image>
    <Image Include="Scenic\Ribbon\Buttons\Group_S.png">
      <Filter>Resource Files\Ribbon\Buttons</Filter>
    </Image>
    <Image Include="Scenic\Ribbon\Buttons\GroupMenu_F_C.png">
      <Filter>Resource Files\Ribbon\Buttons</Filter>
    </Image>
    <Image Include="Scenic\Ribbon\Buttons\GroupMenu_F_M.png">
      <Filter>Resource Files\Ribbon\Buttons</Filter>
    </Image>
    <Image Include="Scenic\Ribbon\Buttons\GroupMenu_L_C.png">
      <Filter>Resource Files\Ribbon\Buttons</Filter>
    </Image>
    <Image Include="Scenic\Ribbon\Buttons\GroupMenu_L_M.png">
      <Filter>Resource Files\Ribbon\Buttons</Filter>
    </Image>
    <Image Include="Scenic\Ribbon\Buttons\GroupMenu_M_C.png">
      <Filter>Resource Files\Ribbon\Buttons</Filter>
    </Image>
    <Image Include="Scenic\Ribbon\Buttons\GroupMenu_M_M.png">
      <Filter>Resource Files\Ribbon\Buttons</Filter>
    </Image>
    <Image Include="Scenic\Ribbon\Buttons\Launch.png">
      <Filter>Resource Files\Ribbon\Buttons</Filter>
    </Image>
    <Image Include="Scenic\Ribbon\Buttons\Launch_Icon.png">
      <Filter>Resource Files\Ribbon\Buttons</Filter>
    </Image>
    <Image Include="Scenic\Ribbon\Buttons\Main.png">
      <Filter>Resource Files\Ribbon\Buttons</Filter>
    </Image>
    <Image Include="Scenic\Ribbon\Buttons\Main_Panel.png">
      <Filter>Resource Files\Ribbon\Buttons</Filter>
    </Image>
    <Image Include="Scenic\Ribbon\Buttons\Menu_H_C.png">
      <Filter>Resource Files\Ribbon\Buttons</Filter>
    </Image>
    <Image Include="Scenic\Ribbon\Buttons\Menu_H_M.png">
      <Filter>Resource Files\Ribbon\Buttons</Filter>
    </Image>
    <Image Include="Scenic\Ribbon\Buttons\Menu_V_C.png">
      <Filter>Resource Files\Ribbon\Buttons</Filter>
    </Image>
    <Image Include="Scenic\Ribbon\Buttons\Menu_V_M.png">
      <Filter>Resource Files\Ribbon\Buttons</Filter>
    </Image>
    <Image Include="Scenic\Ribbon\Buttons\Normal_B.png">
      <Filter>Resource Files\Ribbon\Buttons</Filter>
    </Image>
    <Image Include="Scenic\Ribbon\Buttons\Normal_S.png">
      <Filter>Resource Files\Ribbon\Buttons</Filter>
    </Image>
    <Image Include="Scenic\Ribbon\Buttons\Page_L.png">
      <Filter>Resource Files\Ribbon\Buttons</Filter>
    </Image>
    <Image Include="Scenic\Ribbon\Buttons\Page_R.png">
      <Filter>Resource Files\Ribbon\Buttons</Filter>
    </Image>
    <Image Include="Scenic\Ribbon\Buttons\Palette_B.png">
      <Filter>Resource Files\Ribbon\Buttons</Filter>
    </Image>
    <Image Include="Scenic\Ribbon\Buttons\Palette_M.png">
      <Filter>Resource Files\Ribbon\Buttons</Filter>
    </Image>
    <Image Include="Scenic\Ribbon\Buttons\Palette_T.png">
      <Filter>Resource Files\Ribbon\Buttons</Filter>
    </Image>
    <Image Include="Scenic\Ribbon\Buttons\Radio.PNG">
      <Filter>Resource Files\Ribbon\Buttons</Filter>
    </Image>
    <Image Include="Scenic\Ribbon\Buttons\StatusPane.png">
      <Filter>Resource Files\Ribbon\Buttons</Filter>
    </Image>
    <Image Include="Scenic\Ribbon\Category_Context\Red\Back.png">
      <Filter>Resource Files\Ribbon\Category_Context\Red</Filter>
    </Image>
    <Image Include="Scenic\Ribbon\Category_Context\Red\Caption.png">
      <Filter>Resource Files\Ribbon\Category_Context\Red</Filter>
    </Image>
    <Image Include="Scenic\Ribbon\Category_Context\Red\Tab.png">
      <Filter>Resource Files\Ribbon\Category_Context\Red</Filter>
    </Image>
    <Image Include="Scenic\Ribbon\Category_Context\Orange\Back.png">
      <Filter>Resource Files\Ribbon\Category_Context\Orange</Filter>
    </Image>
    <Image Include="Scenic\Ribbon\Category_Context\Orange\Caption.png">
      <Filter>Resource Files\Ribbon\Category_Context\Orange</Filter>
    </Image>
    <Image Include="Scenic\Ribbon\Category_Context\Orange\Tab.png">
      <Filter>Resource Files\Ribbon\Category_Context\Orange</Filter>
    </Image>
    <Image Include="Scenic\Ribbon\Category_Context\Yellow\Back.png">
      <Filter>Resource Files\Ribbon\Category_Context\Yellow</Filter>
    </Image>
    <Image Include="Scenic\Ribbon\Category_Context\Yellow\Caption.png">
      <Filter>Resource Files\Ribbon\Category_Context\Yellow</Filter>
    </Image>
    <Image Include="Scenic\Ribbon\Category_Context\Yellow\Tab.png">
      <Filter>Resource Files\Ribbon\Category_Context\Yellow</Filter>
    </Image>
    <Image Include="Scenic\Ribbon\Category_Context\Green\Back.png">
      <Filter>Resource Files\Ribbon\Category_Context\Green</Filter>
    </Image>
    <Image Include="Scenic\Ribbon\Category_Context\Green\Caption.png">
      <Filter>Resource Files\Ribbon\Category_Context\Green</Filter>
    </Image>
    <Image Include="Scenic\Ribbon\Category_Context\Green\Tab.png">
      <Filter>Resource Files\Ribbon\Category_Context\Green</Filter>
    </Image>
    <Image Include="Scenic\Ribbon\Category_Context\Blue\Back.png">
      <Filter>Resource Files\Ribbon\Category_Context\Blue</Filter>
    </Image>
    <Image Include="Scenic\Ribbon\Category_Context\Blue\Caption.png">
      <Filter>Resource Files\Ribbon\Category_Context\Blue</Filter>
    </Image>
    <Image Include="Scenic\Ribbon\Category_Context\Blue\Tab.png">
      <Filter>Resource Files\Ribbon\Category_Context\Blue</Filter>
    </Image>
    <Image Include="Scenic\Ribbon\Category_Context\Indigo\Back.png">
      <Filter>Resource Files\Ribbon\Category_Context\Indigo</Filter>
    </Image>
    <Image Include="Scenic\Ribbon\Category_Context\Indigo\Caption.png">
      <Filter>Resource Files\Ribbon\Category_Context\Indigo</Filter>
    </Image>
    <Image Include="Scenic\Ribbon\Category_Context\Indigo\Tab.png">
      <Filter>Resource Files\Ribbon\Category_Context\Indigo</Filter>
    </Image>
    <Image Include="Scenic\Ribbon\Category_Context\Violet\Back.png">
      <Filter>Resource Files\Ribbon\Category_Context\Violet</Filter>
    </Image>
    <Image Include="Scenic\Ribbon\Category_Context\Violet\Caption.png">
      <Filter>Resource Files\Ribbon\Category_Context\Violet</Filter>
    </Image>
    <Image Include="Scenic\Ribbon\Category_Context\Violet\Tab.png">
      <Filter>Resource Files\Ribbon\Category_Context\Violet</Filter>
    </Image>
    <Image Include="Scenic\Ribbon\Category_Context\Separator.png">
      <Filter>Resource Files\Ribbon\Category_Context</Filter>
    </Image>
    <Image Include="Scenic\Ribbon\Slider\Minus.png">
      <Filter>Resource Files\Ribbon\Slider</Filter>
    </Image>
    <Image Include="Scenic\Ribbon\Slider\Plus.png">
      <Filter>Resource Files\Ribbon\Slider</Filter>
    </Image>
    <Image Include="Scenic\Ribbon\Border_Floaty.png">
      <Filter>Resource Files\Ribbon</Filter>
    </Image>
    <Image Include="Scenic\Ribbon\Border_Panel.png">
      <Filter>Resource Files\Ribbon</Filter>
    </Image>
    <Image Include="Scenic\Ribbon\Border_QAT.png">
      <Filter>Resource Files\Ribbon</Filter>
    </Image>
    <Image Include="Scenic\Ribbon\Caption_QA.png">
      <Filter>Resource Files\Ribbon</Filter>
    </Image>
    <Image Include="Scenic\Ribbon\Category_Back.png">
      <Filter>Resource Files\Ribbon</Filter>
    </Image>
    <Image Include="Scenic\Ribbon\Category_Tab.png">
      <Filter>Resource Files\Ribbon</Filter>
    </Image>
    <Image Include="Scenic\Ribbon\Category_Tab_Frame.png">
      <Filter>Resource Files\Ribbon</Filter>
    </Image>
    <Image Include="Scenic\Ribbon\Category_Tab_Sep.png">
      <Filter>Resource Files\Ribbon</Filter>
    </Image>
    <Image Include="Scenic\Ribbon\KeyTip.png">
      <Filter>Resource Files\Ribbon</Filter>
    </Image>
    <Image Include="Scenic\Ribbon\Panel_Back.png">
      <Filter>Resource Files\Ribbon</Filter>
    </Image>
    <Image Include="Scenic\Ribbon\Panel_Back_Sep.png">
      <Filter>Resource Files\Ribbon</Filter>
    </Image>
    <Image Include="Scenic\Ribbon\Panel_Main.png">
      <Filter>Resource Files\Ribbon</Filter>
    </Image>
    <Image Include="Scenic\Ribbon\Separator.png">
      <Filter>Resource Files\Ribbon</Filter>
    </Image>
    <Image Include="Scenic\ComboBox\Btn.png">
      <Filter>Resource Files\ComboBox</Filter>
    </Image>
  </ItemGroup>
  <ItemGroup>
    <Xml Include="Scenic\Style.xml">
      <Filter>Resource Files</Filter>
    </Xml>
  </ItemGroup>
  <ItemGroup>
    <CustomBuild Include="BCGPStyleScenic.rc2">
      <Filter>Source Files</Filter>
    </CustomBuild>
  </ItemGroup>
</Project>