<?xml version="1.0" encoding="utf-8"?>
<Project ToolsVersion="4.0" xmlns="http://schemas.microsoft.com/developer/msbuild/2003">
  <ItemGroup>
    <Filter Include="Source Files">
      <UniqueIdentifier>{a2ad9e30-ef22-4208-9a25-2c00b40887b3}</UniqueIdentifier>
      <Extensions>cpp;c;cxx;rc;def;r;odl;idl;hpj;bat</Extensions>
    </Filter>
    <Filter Include="Resource Files">
      <UniqueIdentifier>{b510b4c4-5a34-46a5-a675-58fb6c9b4e0b}</UniqueIdentifier>
      <Extensions>ico;cur;bmp;dlg;rc2;rct;bin;rgs;gif;jpg;jpeg;jpe</Extensions>
    </Filter>
    <Filter Include="Resource Files\AppCaption">
      <UniqueIdentifier>{a32c7b49-a0c3-46b6-bbbd-27de11c7594a}</UniqueIdentifier>
    </Filter>
    <Filter Include="Resource Files\ComboBox">
      <UniqueIdentifier>{43f84dba-cc74-4ea0-9d17-f4bcc160b89d}</UniqueIdentifier>
    </Filter>
    <Filter Include="Resource Files\MainWnd">
      <UniqueIdentifier>{ec579dbb-b217-48e0-bab9-596d9330acd8}</UniqueIdentifier>
    </Filter>
    <Filter Include="Resource Files\MenuBar">
      <UniqueIdentifier>{dee9d870-0d3b-48ca-99d7-1297f4e49559}</UniqueIdentifier>
    </Filter>
    <Filter Include="Resource Files\PopupBar">
      <UniqueIdentifier>{4f21bf82-79b1-4f74-be0d-7fdf88b05d50}</UniqueIdentifier>
    </Filter>
    <Filter Include="Resource Files\StatusBar">
      <UniqueIdentifier>{6cfe3d43-3f14-4302-bdbb-da32e910fb1c}</UniqueIdentifier>
    </Filter>
    <Filter Include="Resource Files\Tab">
      <UniqueIdentifier>{d6b29788-98ad-4fd6-a117-0a3cbfabcb23}</UniqueIdentifier>
    </Filter>
    <Filter Include="Resource Files\TaskPane">
      <UniqueIdentifier>{b8648501-71e7-4d57-9fa3-47e2974319f7}</UniqueIdentifier>
    </Filter>
    <Filter Include="Resource Files\ToolBar">
      <UniqueIdentifier>{b0654ecd-218f-46e8-ba0e-4d470f4ef3a8}</UniqueIdentifier>
    </Filter>
    <Filter Include="Resource Files\Ribbon">
      <UniqueIdentifier>{da2f1c76-6093-42f2-87bd-af4bdbacf55b}</UniqueIdentifier>
    </Filter>
    <Filter Include="Resource Files\Ribbon\Buttons">
      <UniqueIdentifier>{a1854bf4-5f82-4859-9f9a-445a3cdef50e}</UniqueIdentifier>
    </Filter>
    <Filter Include="Resource Files\Ribbon\Category_Context">
      <UniqueIdentifier>{4ea91bc6-6197-4fec-a182-66a7a556033c}</UniqueIdentifier>
    </Filter>
    <Filter Include="Resource Files\Ribbon\Category_Context\Red">
      <UniqueIdentifier>{4e4d2d6d-e5a8-481e-a967-09e569226b67}</UniqueIdentifier>
    </Filter>
    <Filter Include="Resource Files\Ribbon\Category_Context\Orange">
      <UniqueIdentifier>{2a63cac2-612d-4343-b91e-9b8e1f8dd384}</UniqueIdentifier>
    </Filter>
    <Filter Include="Resource Files\Ribbon\Category_Context\Yellow">
      <UniqueIdentifier>{88920a69-019b-4fa0-abec-a943e1bd173d}</UniqueIdentifier>
    </Filter>
    <Filter Include="Resource Files\Ribbon\Category_Context\Green">
      <UniqueIdentifier>{173e1f75-0451-4428-bae1-160b5860329b}</UniqueIdentifier>
    </Filter>
    <Filter Include="Resource Files\Ribbon\Category_Context\Blue">
      <UniqueIdentifier>{b4e49d55-1a28-407f-9288-19938b2e5abd}</UniqueIdentifier>
    </Filter>
    <Filter Include="Resource Files\Ribbon\Category_Context\Indigo">
      <UniqueIdentifier>{9b239e16-ec1f-4127-b24f-3ffe58b04919}</UniqueIdentifier>
    </Filter>
    <Filter Include="Resource Files\Ribbon\Category_Context\Violet">
      <UniqueIdentifier>{b2070ad2-8fb0-4e4a-9331-a2297fe5a7c5}</UniqueIdentifier>
    </Filter>
    <Filter Include="Resource Files\Ribbon\Slider">
      <UniqueIdentifier>{208822fa-8e15-4ac7-896f-4a9cdaddfbb8}</UniqueIdentifier>
    </Filter>
    <Filter Include="Resource Files\Ribbon\Progress">
      <UniqueIdentifier>{9287727a-81fb-4c8e-b28c-d8f5f9c4db06}</UniqueIdentifier>
    </Filter>
    <Filter Include="Resource Files\Outlook">
      <UniqueIdentifier>{2c2175d0-0ec9-42dd-920a-152b68ae5b62}</UniqueIdentifier>
    </Filter>
    <Filter Include="Resource Files\Scroll">
      <UniqueIdentifier>{421f6e8a-f400-474e-ab74-fcf2033f8338}</UniqueIdentifier>
    </Filter>
    <Filter Include="Resource Files\Scroll\Horz">
      <UniqueIdentifier>{c8a26775-1fb7-49dc-88b0-5861a16d6c42}</UniqueIdentifier>
    </Filter>
    <Filter Include="Resource Files\Scroll\Vert">
      <UniqueIdentifier>{31ed5737-7bea-40ae-9c78-15c164214c7c}</UniqueIdentifier>
    </Filter>
    <Filter Include="Resource Files\Slider No. 1">
      <UniqueIdentifier>{b20001a2-02be-4d53-946b-5be6360be28d}</UniqueIdentifier>
    </Filter>
    <Filter Include="Resource Files\Calculator">
      <UniqueIdentifier>{1cc44220-68c5-4f62-802b-16ad4e7a6185}</UniqueIdentifier>
    </Filter>
  </ItemGroup>
  <ItemGroup>
    <ResourceCompile Include="BCGPStyle2007Silver.rc">
      <Filter>Source Files</Filter>
    </ResourceCompile>
  </ItemGroup>
  <ItemGroup>
    <Image Include="Office 2007 (silver)\AppCaption\SysBtn_Back.png">
      <Filter>Resource Files\AppCaption</Filter>
    </Image>
    <Image Include="Office 2007 (silver)\AppCaption\SysBtn_Close.png">
      <Filter>Resource Files\AppCaption</Filter>
    </Image>
    <Image Include="Office 2007 (silver)\AppCaption\SysBtn_Close_S.png">
      <Filter>Resource Files\AppCaption</Filter>
    </Image>
    <Image Include="Office 2007 (silver)\AppCaption\SysBtn_Help.png">
      <Filter>Resource Files\AppCaption</Filter>
    </Image>
    <Image Include="Office 2007 (silver)\AppCaption\SysBtn_Help_S.png">
      <Filter>Resource Files\AppCaption</Filter>
    </Image>
    <Image Include="Office 2007 (silver)\AppCaption\SysBtn_Maximize.png">
      <Filter>Resource Files\AppCaption</Filter>
    </Image>
    <Image Include="Office 2007 (silver)\AppCaption\SysBtn_Maximize_S.png">
      <Filter>Resource Files\AppCaption</Filter>
    </Image>
    <Image Include="Office 2007 (silver)\AppCaption\SysBtn_Minimize.png">
      <Filter>Resource Files\AppCaption</Filter>
    </Image>
    <Image Include="Office 2007 (silver)\AppCaption\SysBtn_Minimize_S.png">
      <Filter>Resource Files\AppCaption</Filter>
    </Image>
    <Image Include="Office 2007 (silver)\AppCaption\SysBtn_Restore.png">
      <Filter>Resource Files\AppCaption</Filter>
    </Image>
    <Image Include="Office 2007 (silver)\AppCaption\SysBtn_Restore_S.png">
      <Filter>Resource Files\AppCaption</Filter>
    </Image>
    <Image Include="Office 2007 (silver)\ComboBox\Btn.png">
      <Filter>Resource Files\ComboBox</Filter>
    </Image>
    <Image Include="Office 2007 (silver)\MainWnd\Border.png">
      <Filter>Resource Files\MainWnd</Filter>
    </Image>
    <Image Include="Office 2007 (silver)\MainWnd\BorderCaption.png">
      <Filter>Resource Files\MainWnd</Filter>
    </Image>
    <Image Include="Office 2007 (silver)\MainWnd\BorderMDIChild.png">
      <Filter>Resource Files\MainWnd</Filter>
    </Image>
    <Image Include="Office 2007 (silver)\MenuBar\Btn.png">
      <Filter>Resource Files\MenuBar</Filter>
    </Image>
    <Image Include="Office 2007 (silver)\PopupBar\Border.png">
      <Filter>Resource Files\PopupBar</Filter>
    </Image>
    <Image Include="Office 2007 (silver)\PopupBar\Gripper.png">
      <Filter>Resource Files\PopupBar</Filter>
    </Image>
    <Image Include="Office 2007 (silver)\PopupBar\Item_Back.png">
      <Filter>Resource Files\PopupBar</Filter>
    </Image>
    <Image Include="Office 2007 (silver)\PopupBar\Item_Marker_C.png">
      <Filter>Resource Files\PopupBar</Filter>
    </Image>
    <Image Include="Office 2007 (silver)\PopupBar\Item_Marker_R.png">
      <Filter>Resource Files\PopupBar</Filter>
    </Image>
    <Image Include="Office 2007 (silver)\PopupBar\Item_Pin.png">
      <Filter>Resource Files\PopupBar</Filter>
    </Image>
    <Image Include="Office 2007 (silver)\PopupBar\MenuButton.png">
      <Filter>Resource Files\PopupBar</Filter>
    </Image>
    <Image Include="Office 2007 (silver)\PopupBar\MenuHighlight.png">
      <Filter>Resource Files\PopupBar</Filter>
    </Image>
    <Image Include="Office 2007 (silver)\PopupBar\MenuHighlightDisabled.png">
      <Filter>Resource Files\PopupBar</Filter>
    </Image>
    <Image Include="Office 2007 (silver)\PopupBar\MenuScrollBtn.png">
      <Filter>Resource Files\PopupBar</Filter>
    </Image>
    <Image Include="Office 2007 (silver)\PopupBar\ResizeBar.png">
      <Filter>Resource Files\PopupBar</Filter>
    </Image>
    <Image Include="Office 2007 (silver)\PopupBar\ResizeBar_HV.png">
      <Filter>Resource Files\PopupBar</Filter>
    </Image>
    <Image Include="Office 2007 (silver)\PopupBar\ResizeBar_HVT.png">
      <Filter>Resource Files\PopupBar</Filter>
    </Image>
    <Image Include="Office 2007 (silver)\PopupBar\ResizeBar_V.png">
      <Filter>Resource Files\PopupBar</Filter>
    </Image>
    <Image Include="Office 2007 (silver)\PopupBar\Tear.png">
      <Filter>Resource Files\PopupBar</Filter>
    </Image>
    <Image Include="Office 2007 (silver)\StatusBar\Back.png">
      <Filter>Resource Files\StatusBar</Filter>
    </Image>
    <Image Include="Office 2007 (silver)\StatusBar\Back_Ext.png">
      <Filter>Resource Files\StatusBar</Filter>
    </Image>
    <Image Include="Office 2007 (silver)\StatusBar\PaneBorder.png">
      <Filter>Resource Files\StatusBar</Filter>
    </Image>
    <Image Include="Office 2007 (silver)\StatusBar\SizeGrip.png">
      <Filter>Resource Files\StatusBar</Filter>
    </Image>
    <Image Include="Office 2007 (silver)\Tab\3D.png">
      <Filter>Resource Files\Tab</Filter>
    </Image>
    <Image Include="Office 2007 (silver)\Tab\Dot_E.png">
      <Filter>Resource Files\Tab</Filter>
    </Image>
    <Image Include="Office 2007 (silver)\Tab\Dot_R.png">
      <Filter>Resource Files\Tab</Filter>
    </Image>
    <Image Include="Office 2007 (silver)\Tab\Flat.png">
      <Filter>Resource Files\Tab</Filter>
    </Image>
    <Image Include="Office 2007 (silver)\TaskPane\ScrollBtn.png">
      <Filter>Resource Files\TaskPane</Filter>
    </Image>
    <Image Include="Office 2007 (silver)\ToolBar\Btn.png">
      <Filter>Resource Files\ToolBar</Filter>
    </Image>
    <Image Include="Office 2007 (silver)\Ribbon\Buttons\Check.png">
      <Filter>Resource Files\Ribbon\Buttons</Filter>
    </Image>
    <Image Include="Office 2007 (silver)\Ribbon\Buttons\Default.png">
      <Filter>Resource Files\Ribbon\Buttons</Filter>
    </Image>
    <Image Include="Office 2007 (silver)\Ribbon\Buttons\Default_Icon.png">
      <Filter>Resource Files\Ribbon\Buttons</Filter>
    </Image>
    <Image Include="Office 2007 (silver)\Ribbon\Buttons\Default_Image.png">
      <Filter>Resource Files\Ribbon\Buttons</Filter>
    </Image>
    <Image Include="Office 2007 (silver)\Ribbon\Buttons\Default_QAT.png">
      <Filter>Resource Files\Ribbon\Buttons</Filter>
    </Image>
    <Image Include="Office 2007 (silver)\Ribbon\Buttons\Default_QAT_Icon.png">
      <Filter>Resource Files\Ribbon\Buttons</Filter>
    </Image>
    <Image Include="Office 2007 (silver)\Ribbon\Buttons\Group.png">
      <Filter>Resource Files\Ribbon\Buttons</Filter>
    </Image>
    <Image Include="Office 2007 (silver)\Ribbon\Buttons\Group_F.png">
      <Filter>Resource Files\Ribbon\Buttons</Filter>
    </Image>
    <Image Include="Office 2007 (silver)\Ribbon\Buttons\Group_L.png">
      <Filter>Resource Files\Ribbon\Buttons</Filter>
    </Image>
    <Image Include="Office 2007 (silver)\Ribbon\Buttons\Group_M.png">
      <Filter>Resource Files\Ribbon\Buttons</Filter>
    </Image>
    <Image Include="Office 2007 (silver)\Ribbon\Buttons\Group_S.png">
      <Filter>Resource Files\Ribbon\Buttons</Filter>
    </Image>
    <Image Include="Office 2007 (silver)\Ribbon\Buttons\GroupMenu_F_C.png">
      <Filter>Resource Files\Ribbon\Buttons</Filter>
    </Image>
    <Image Include="Office 2007 (silver)\Ribbon\Buttons\GroupMenu_F_M.png">
      <Filter>Resource Files\Ribbon\Buttons</Filter>
    </Image>
    <Image Include="Office 2007 (silver)\Ribbon\Buttons\GroupMenu_L_C.png">
      <Filter>Resource Files\Ribbon\Buttons</Filter>
    </Image>
    <Image Include="Office 2007 (silver)\Ribbon\Buttons\GroupMenu_L_M.png">
      <Filter>Resource Files\Ribbon\Buttons</Filter>
    </Image>
    <Image Include="Office 2007 (silver)\Ribbon\Buttons\GroupMenu_M_C.png">
      <Filter>Resource Files\Ribbon\Buttons</Filter>
    </Image>
    <Image Include="Office 2007 (silver)\Ribbon\Buttons\GroupMenu_M_M.png">
      <Filter>Resource Files\Ribbon\Buttons</Filter>
    </Image>
    <Image Include="Office 2007 (silver)\Ribbon\Buttons\Launch.png">
      <Filter>Resource Files\Ribbon\Buttons</Filter>
    </Image>
    <Image Include="Office 2007 (silver)\Ribbon\Buttons\Launch_Icon.png">
      <Filter>Resource Files\Ribbon\Buttons</Filter>
    </Image>
    <Image Include="Office 2007 (silver)\Ribbon\Buttons\Main.png">
      <Filter>Resource Files\Ribbon\Buttons</Filter>
    </Image>
    <Image Include="Office 2007 (silver)\Ribbon\Buttons\Main_Panel.png">
      <Filter>Resource Files\Ribbon\Buttons</Filter>
    </Image>
    <Image Include="Office 2007 (silver)\Ribbon\Buttons\Menu_H_C.png">
      <Filter>Resource Files\Ribbon\Buttons</Filter>
    </Image>
    <Image Include="Office 2007 (silver)\Ribbon\Buttons\Menu_H_M.png">
      <Filter>Resource Files\Ribbon\Buttons</Filter>
    </Image>
    <Image Include="Office 2007 (silver)\Ribbon\Buttons\Menu_V_C.png">
      <Filter>Resource Files\Ribbon\Buttons</Filter>
    </Image>
    <Image Include="Office 2007 (silver)\Ribbon\Buttons\Menu_V_M.png">
      <Filter>Resource Files\Ribbon\Buttons</Filter>
    </Image>
    <Image Include="Office 2007 (silver)\Ribbon\Buttons\Normal_B.png">
      <Filter>Resource Files\Ribbon\Buttons</Filter>
    </Image>
    <Image Include="Office 2007 (silver)\Ribbon\Buttons\Normal_S.png">
      <Filter>Resource Files\Ribbon\Buttons</Filter>
    </Image>
    <Image Include="Office 2007 (silver)\Ribbon\Buttons\Page_L.png">
      <Filter>Resource Files\Ribbon\Buttons</Filter>
    </Image>
    <Image Include="Office 2007 (silver)\Ribbon\Buttons\Page_R.png">
      <Filter>Resource Files\Ribbon\Buttons</Filter>
    </Image>
    <Image Include="Office 2007 (silver)\Ribbon\Buttons\Palette_B.png">
      <Filter>Resource Files\Ribbon\Buttons</Filter>
    </Image>
    <Image Include="Office 2007 (silver)\Ribbon\Buttons\Palette_M.png">
      <Filter>Resource Files\Ribbon\Buttons</Filter>
    </Image>
    <Image Include="Office 2007 (silver)\Ribbon\Buttons\Palette_T.png">
      <Filter>Resource Files\Ribbon\Buttons</Filter>
    </Image>
    <Image Include="Office 2007 (silver)\Ribbon\Buttons\Push.png">
      <Filter>Resource Files\Ribbon\Buttons</Filter>
    </Image>
    <Image Include="Office 2007 (silver)\Ribbon\Buttons\Radio.PNG">
      <Filter>Resource Files\Ribbon\Buttons</Filter>
    </Image>
    <Image Include="Office 2007 (silver)\Ribbon\Buttons\StatusPane.png">
      <Filter>Resource Files\Ribbon\Buttons</Filter>
    </Image>
    <Image Include="Office 2007 (silver)\Ribbon\Category_Context\Red\Back.png">
      <Filter>Resource Files\Ribbon\Category_Context\Red</Filter>
    </Image>
    <Image Include="Office 2007 (silver)\Ribbon\Category_Context\Red\Caption.png">
      <Filter>Resource Files\Ribbon\Category_Context\Red</Filter>
    </Image>
    <Image Include="Office 2007 (silver)\Ribbon\Category_Context\Red\Default.png">
      <Filter>Resource Files\Ribbon\Category_Context\Red</Filter>
    </Image>
    <Image Include="Office 2007 (silver)\Ribbon\Category_Context\Red\Tab.png">
      <Filter>Resource Files\Ribbon\Category_Context\Red</Filter>
    </Image>
    <Image Include="Office 2007 (silver)\Ribbon\Category_Context\Orange\Back.png">
      <Filter>Resource Files\Ribbon\Category_Context\Orange</Filter>
    </Image>
    <Image Include="Office 2007 (silver)\Ribbon\Category_Context\Orange\Caption.png">
      <Filter>Resource Files\Ribbon\Category_Context\Orange</Filter>
    </Image>
    <Image Include="Office 2007 (silver)\Ribbon\Category_Context\Orange\Default.png">
      <Filter>Resource Files\Ribbon\Category_Context\Orange</Filter>
    </Image>
    <Image Include="Office 2007 (silver)\Ribbon\Category_Context\Orange\Tab.png">
      <Filter>Resource Files\Ribbon\Category_Context\Orange</Filter>
    </Image>
    <Image Include="Office 2007 (silver)\Ribbon\Category_Context\Yellow\Back.png">
      <Filter>Resource Files\Ribbon\Category_Context\Yellow</Filter>
    </Image>
    <Image Include="Office 2007 (silver)\Ribbon\Category_Context\Yellow\Caption.png">
      <Filter>Resource Files\Ribbon\Category_Context\Yellow</Filter>
    </Image>
    <Image Include="Office 2007 (silver)\Ribbon\Category_Context\Yellow\Default.png">
      <Filter>Resource Files\Ribbon\Category_Context\Yellow</Filter>
    </Image>
    <Image Include="Office 2007 (silver)\Ribbon\Category_Context\Yellow\Tab.png">
      <Filter>Resource Files\Ribbon\Category_Context\Yellow</Filter>
    </Image>
    <Image Include="Office 2007 (silver)\Ribbon\Category_Context\Green\Back.png">
      <Filter>Resource Files\Ribbon\Category_Context\Green</Filter>
    </Image>
    <Image Include="Office 2007 (silver)\Ribbon\Category_Context\Green\Caption.png">
      <Filter>Resource Files\Ribbon\Category_Context\Green</Filter>
    </Image>
    <Image Include="Office 2007 (silver)\Ribbon\Category_Context\Green\Default.png">
      <Filter>Resource Files\Ribbon\Category_Context\Green</Filter>
    </Image>
    <Image Include="Office 2007 (silver)\Ribbon\Category_Context\Green\Tab.png">
      <Filter>Resource Files\Ribbon\Category_Context\Green</Filter>
    </Image>
    <Image Include="Office 2007 (silver)\Ribbon\Category_Context\Blue\Back.png">
      <Filter>Resource Files\Ribbon\Category_Context\Blue</Filter>
    </Image>
    <Image Include="Office 2007 (silver)\Ribbon\Category_Context\Blue\Caption.png">
      <Filter>Resource Files\Ribbon\Category_Context\Blue</Filter>
    </Image>
    <Image Include="Office 2007 (silver)\Ribbon\Category_Context\Blue\Default.png">
      <Filter>Resource Files\Ribbon\Category_Context\Blue</Filter>
    </Image>
    <Image Include="Office 2007 (silver)\Ribbon\Category_Context\Blue\Tab.png">
      <Filter>Resource Files\Ribbon\Category_Context\Blue</Filter>
    </Image>
    <Image Include="Office 2007 (silver)\Ribbon\Category_Context\Indigo\Back.png">
      <Filter>Resource Files\Ribbon\Category_Context\Indigo</Filter>
    </Image>
    <Image Include="Office 2007 (silver)\Ribbon\Category_Context\Indigo\Caption.png">
      <Filter>Resource Files\Ribbon\Category_Context\Indigo</Filter>
    </Image>
    <Image Include="Office 2007 (silver)\Ribbon\Category_Context\Indigo\Default.png">
      <Filter>Resource Files\Ribbon\Category_Context\Indigo</Filter>
    </Image>
    <Image Include="Office 2007 (silver)\Ribbon\Category_Context\Indigo\Tab.png">
      <Filter>Resource Files\Ribbon\Category_Context\Indigo</Filter>
    </Image>
    <Image Include="Office 2007 (silver)\Ribbon\Category_Context\Violet\Back.png">
      <Filter>Resource Files\Ribbon\Category_Context\Violet</Filter>
    </Image>
    <Image Include="Office 2007 (silver)\Ribbon\Category_Context\Violet\Caption.png">
      <Filter>Resource Files\Ribbon\Category_Context\Violet</Filter>
    </Image>
    <Image Include="Office 2007 (silver)\Ribbon\Category_Context\Violet\Default.png">
      <Filter>Resource Files\Ribbon\Category_Context\Violet</Filter>
    </Image>
    <Image Include="Office 2007 (silver)\Ribbon\Category_Context\Violet\Tab.png">
      <Filter>Resource Files\Ribbon\Category_Context\Violet</Filter>
    </Image>
    <Image Include="Office 2007 (silver)\Ribbon\Category_Context\Panel_Back_B.png">
      <Filter>Resource Files\Ribbon\Category_Context</Filter>
    </Image>
    <Image Include="Office 2007 (silver)\Ribbon\Category_Context\Panel_Back_T.png">
      <Filter>Resource Files\Ribbon\Category_Context</Filter>
    </Image>
    <Image Include="Office 2007 (silver)\Ribbon\Category_Context\Separator.png">
      <Filter>Resource Files\Ribbon\Category_Context</Filter>
    </Image>
    <Image Include="Office 2007 (silver)\Ribbon\Slider\Minus.png">
      <Filter>Resource Files\Ribbon\Slider</Filter>
    </Image>
    <Image Include="Office 2007 (silver)\Ribbon\Slider\Plus.png">
      <Filter>Resource Files\Ribbon\Slider</Filter>
    </Image>
    <Image Include="Office 2007 (silver)\Ribbon\Slider\Thumb.png">
      <Filter>Resource Files\Ribbon\Slider</Filter>
    </Image>
    <Image Include="Office 2007 (silver)\Ribbon\Slider\Thumb_H.png">
      <Filter>Resource Files\Ribbon\Slider</Filter>
    </Image>
    <Image Include="Office 2007 (silver)\Ribbon\Slider\Thumb_L.png">
      <Filter>Resource Files\Ribbon\Slider</Filter>
    </Image>
    <Image Include="Office 2007 (silver)\Ribbon\Slider\Thumb_R.png">
      <Filter>Resource Files\Ribbon\Slider</Filter>
    </Image>
    <Image Include="Office 2007 (silver)\Ribbon\Slider\Thumb_T.png">
      <Filter>Resource Files\Ribbon\Slider</Filter>
    </Image>
    <Image Include="Office 2007 (silver)\Ribbon\Slider\Thumb_V.png">
      <Filter>Resource Files\Ribbon\Slider</Filter>
    </Image>
    <Image Include="Office 2007 (silver)\Ribbon\Progress\Back.png">
      <Filter>Resource Files\Ribbon\Progress</Filter>
    </Image>
    <Image Include="Office 2007 (silver)\Ribbon\Progress\Infinity.png">
      <Filter>Resource Files\Ribbon\Progress</Filter>
    </Image>
    <Image Include="Office 2007 (silver)\Ribbon\Progress\Normal.png">
      <Filter>Resource Files\Ribbon\Progress</Filter>
    </Image>
    <Image Include="Office 2007 (silver)\Ribbon\Progress\Normal_Ext.png">
      <Filter>Resource Files\Ribbon\Progress</Filter>
    </Image>
    <Image Include="Office 2007 (silver)\Ribbon\Border_Floaty.png">
      <Filter>Resource Files\Ribbon</Filter>
    </Image>
    <Image Include="Office 2007 (silver)\Ribbon\Border_QAT.png">
      <Filter>Resource Files\Ribbon</Filter>
    </Image>
    <Image Include="Office 2007 (silver)\Ribbon\Caption_QA.png">
      <Filter>Resource Files\Ribbon</Filter>
    </Image>
    <Image Include="Office 2007 (silver)\Ribbon\Caption_QA_Glass.png">
      <Filter>Resource Files\Ribbon</Filter>
    </Image>
    <Image Include="Office 2007 (silver)\Ribbon\Category_Back.png">
      <Filter>Resource Files\Ribbon</Filter>
    </Image>
    <Image Include="Office 2007 (silver)\Ribbon\Category_Tab.png">
      <Filter>Resource Files\Ribbon</Filter>
    </Image>
    <Image Include="Office 2007 (silver)\Ribbon\Category_Tab_Sep.png">
      <Filter>Resource Files\Ribbon</Filter>
    </Image>
    <Image Include="Office 2007 (silver)\Ribbon\KeyTip.png">
      <Filter>Resource Files\Ribbon</Filter>
    </Image>
    <Image Include="Office 2007 (silver)\Ribbon\Panel_Back_B.png">
      <Filter>Resource Files\Ribbon</Filter>
    </Image>
    <Image Include="Office 2007 (silver)\Ribbon\Panel_Back_T.png">
      <Filter>Resource Files\Ribbon</Filter>
    </Image>
    <Image Include="Office 2007 (silver)\Ribbon\Panel_Main.png">
      <Filter>Resource Files\Ribbon</Filter>
    </Image>
    <Image Include="Office 2007 (silver)\Ribbon\Panel_Main_Border.png">
      <Filter>Resource Files\Ribbon</Filter>
    </Image>
    <Image Include="Office 2007 (silver)\Ribbon\Panel_QAT.png">
      <Filter>Resource Files\Ribbon</Filter>
    </Image>
    <Image Include="Office 2007 (silver)\Ribbon\Separator.png">
      <Filter>Resource Files\Ribbon</Filter>
    </Image>
    <Image Include="Office 2007 (silver)\OutlookWnd\BarBack.png">
      <Filter>Resource Files\Outlook</Filter>
    </Image>
    <Image Include="Office 2007 (silver)\OutlookWnd\BtnPage.png">
      <Filter>Resource Files\Outlook</Filter>
    </Image>
    <Image Include="Office 2007 (silver)\Scroll\Horz\Back_1.png">
      <Filter>Resource Files\Scroll\Horz</Filter>
    </Image>
    <Image Include="Office 2007 (silver)\Scroll\Horz\Back_2.png">
      <Filter>Resource Files\Scroll\Horz</Filter>
    </Image>
    <Image Include="Office 2007 (silver)\Scroll\Horz\Item_1.png">
      <Filter>Resource Files\Scroll\Horz</Filter>
    </Image>
    <Image Include="Office 2007 (silver)\Scroll\Horz\Item_2.png">
      <Filter>Resource Files\Scroll\Horz</Filter>
    </Image>
    <Image Include="Office 2007 (silver)\Scroll\Horz\Thumb.png">
      <Filter>Resource Files\Scroll\Horz</Filter>
    </Image>
    <Image Include="Office 2007 (silver)\Scroll\Horz\ThumbIcon.png">
      <Filter>Resource Files\Scroll\Horz</Filter>
    </Image>
    <Image Include="Office 2007 (silver)\Scroll\Vert\Back_1.png">
      <Filter>Resource Files\Scroll\Vert</Filter>
    </Image>
    <Image Include="Office 2007 (silver)\Scroll\Vert\Back_2.png">
      <Filter>Resource Files\Scroll\Vert</Filter>
    </Image>
    <Image Include="Office 2007 (silver)\Scroll\Vert\Item_1.png">
      <Filter>Resource Files\Scroll\Vert</Filter>
    </Image>
    <Image Include="Office 2007 (silver)\Scroll\Vert\Item_2.png">
      <Filter>Resource Files\Scroll\Vert</Filter>
    </Image>
    <Image Include="Office 2007 (silver)\Scroll\Vert\Thumb.png">
      <Filter>Resource Files\Scroll\Vert</Filter>
    </Image>
    <Image Include="Office 2007 (silver)\Scroll\Vert\ThumbIcon.png">
      <Filter>Resource Files\Scroll\Vert</Filter>
    </Image>
    <Image Include="Office 2007 (silver)\Slider\Thumb_B.png">
      <Filter>Resource Files\Slider No. 1</Filter>
    </Image>
    <Image Include="Office 2007 (silver)\Slider\Thumb_H.png">
      <Filter>Resource Files\Slider No. 1</Filter>
    </Image>
    <Image Include="Office 2007 (silver)\Slider\Thumb_L.png">
      <Filter>Resource Files\Slider No. 1</Filter>
    </Image>
    <Image Include="Office 2007 (silver)\Slider\Thumb_R.png">
      <Filter>Resource Files\Slider No. 1</Filter>
    </Image>
    <Image Include="Office 2007 (silver)\Slider\Thumb_T.png">
      <Filter>Resource Files\Slider No. 1</Filter>
    </Image>
    <Image Include="Office 2007 (silver)\Slider\Thumb_V.png">
      <Filter>Resource Files\Slider No. 1</Filter>
    </Image>
    <Image Include="Office 2007 (silver)\Calculator\Btn.png">
      <Filter>Resource Files\Calculator</Filter>
    </Image>
  </ItemGroup>
  <ItemGroup>
    <Xml Include="Office 2007 (silver)\Style.xml">
      <Filter>Resource Files</Filter>
    </Xml>
  </ItemGroup>
  <ItemGroup>
    <CustomBuild Include="BCGPStyle2007Silver.rc2">
      <Filter>Source Files</Filter>
    </CustomBuild>
  </ItemGroup>
</Project>