<?xml version="1.0" encoding="utf-8"?>
<Project ToolsVersion="4.0" xmlns="http://schemas.microsoft.com/developer/msbuild/2003">
  <ItemGroup>
    <Filter Include="Source Files">
      <UniqueIdentifier>{7bc74592-bf63-4ae6-a07a-eedb01f488ef}</UniqueIdentifier>
      <Extensions>cpp;c;cxx;rc;def;r;odl;idl;hpj;bat</Extensions>
    </Filter>
    <Filter Include="Resource Files">
      <UniqueIdentifier>{ad218c2b-3f43-408a-b448-bd8b78cd2b56}</UniqueIdentifier>
      <Extensions>ico;cur;bmp;dlg;rc2;rct;bin;rgs;gif;jpg;jpeg;jpe</Extensions>
    </Filter>
    <Filter Include="Resource Files\AppCaption">
      <UniqueIdentifier>{5c5ad688-0a5a-45f9-843a-6dac0b373d77}</UniqueIdentifier>
    </Filter>
    <Filter Include="Resource Files\ComboBox">
      <UniqueIdentifier>{abf373c3-1e8e-4dc1-90d4-c7cfa12dc353}</UniqueIdentifier>
    </Filter>
    <Filter Include="Resource Files\MainWnd">
      <UniqueIdentifier>{7033de38-0f78-4e66-99c7-9e818a642600}</UniqueIdentifier>
    </Filter>
    <Filter Include="Resource Files\MenuBar">
      <UniqueIdentifier>{0eaeee93-5914-4cd6-be6d-76e1f6d07a11}</UniqueIdentifier>
    </Filter>
    <Filter Include="Resource Files\PopupBar">
      <UniqueIdentifier>{1a3dcb77-7450-46bc-a046-6da2a093e969}</UniqueIdentifier>
    </Filter>
    <Filter Include="Resource Files\StatusBar">
      <UniqueIdentifier>{98926059-904d-4abf-b832-af586a08be8c}</UniqueIdentifier>
    </Filter>
    <Filter Include="Resource Files\Tab">
      <UniqueIdentifier>{2f3b54fa-80f4-466a-b882-9f5b18964af7}</UniqueIdentifier>
    </Filter>
    <Filter Include="Resource Files\TaskPane">
      <UniqueIdentifier>{b3125364-0076-4c63-ab60-d0d8d9bc6e46}</UniqueIdentifier>
    </Filter>
    <Filter Include="Resource Files\ToolBar">
      <UniqueIdentifier>{962dbbde-1a7c-43f2-92b8-70186e65fe83}</UniqueIdentifier>
    </Filter>
    <Filter Include="Resource Files\Ribbon">
      <UniqueIdentifier>{512d7a90-25d6-4a95-b63b-2dc41c91e0c8}</UniqueIdentifier>
    </Filter>
    <Filter Include="Resource Files\Ribbon\Buttons">
      <UniqueIdentifier>{051d2aeb-e3cd-405a-9207-bf66aad0cce7}</UniqueIdentifier>
    </Filter>
    <Filter Include="Resource Files\Ribbon\Category_Context">
      <UniqueIdentifier>{b57bd70b-ca35-4efb-9f95-10290bb8af44}</UniqueIdentifier>
    </Filter>
    <Filter Include="Resource Files\Ribbon\Category_Context\Red">
      <UniqueIdentifier>{2451ced2-0f26-4e09-ad9a-98ed5a226076}</UniqueIdentifier>
    </Filter>
    <Filter Include="Resource Files\Ribbon\Category_Context\Orange">
      <UniqueIdentifier>{6df6df3a-f13d-4ec8-b3ad-17aa5efaba87}</UniqueIdentifier>
    </Filter>
    <Filter Include="Resource Files\Ribbon\Category_Context\Yellow">
      <UniqueIdentifier>{d16806a0-6822-49d2-b6f8-e6f7ef130a58}</UniqueIdentifier>
    </Filter>
    <Filter Include="Resource Files\Ribbon\Category_Context\Green">
      <UniqueIdentifier>{53db15ae-6b32-42d7-a96d-18c2367fae21}</UniqueIdentifier>
    </Filter>
    <Filter Include="Resource Files\Ribbon\Category_Context\Black">
      <UniqueIdentifier>{5672772b-be3a-4fe5-9972-b6ebefedae2f}</UniqueIdentifier>
    </Filter>
    <Filter Include="Resource Files\Ribbon\Category_Context\Indigo">
      <UniqueIdentifier>{efb42463-fab8-441f-8702-1d16a17081e2}</UniqueIdentifier>
    </Filter>
    <Filter Include="Resource Files\Ribbon\Category_Context\Violet">
      <UniqueIdentifier>{8f0e88dc-8e7f-48d7-91ad-aebf17a2960a}</UniqueIdentifier>
    </Filter>
    <Filter Include="Resource Files\Ribbon\Slider">
      <UniqueIdentifier>{ffb48d88-bd38-4440-b92e-c6d0f5d1161e}</UniqueIdentifier>
    </Filter>
    <Filter Include="Resource Files\Ribbon\Progress">
      <UniqueIdentifier>{a1820c87-bc06-4669-b28e-c230ec7d76d0}</UniqueIdentifier>
    </Filter>
    <Filter Include="Resource Files\Outlook">
      <UniqueIdentifier>{e030984c-c078-45eb-87a7-fcf63a4e5a31}</UniqueIdentifier>
    </Filter>
    <Filter Include="Resource Files\Scroll">
      <UniqueIdentifier>{209d8f8f-202f-454a-8730-a42b69a01240}</UniqueIdentifier>
    </Filter>
    <Filter Include="Resource Files\Scroll\Horz">
      <UniqueIdentifier>{26b7ac09-cfe8-4df3-b660-4d5df22a3d22}</UniqueIdentifier>
    </Filter>
    <Filter Include="Resource Files\Scroll\Vert">
      <UniqueIdentifier>{9ba9233b-28b4-4274-90ac-619d4c35ab17}</UniqueIdentifier>
    </Filter>
    <Filter Include="Resource Files\Slider No. 1">
      <UniqueIdentifier>{0dec313c-575b-4051-925a-72679fe66dd5}</UniqueIdentifier>
    </Filter>
    <Filter Include="Resource Files\Calculator">
      <UniqueIdentifier>{1661e900-9f62-4c1d-9c4e-6a9c0a7f51ab}</UniqueIdentifier>
    </Filter>
  </ItemGroup>
  <ItemGroup>
    <ResourceCompile Include="BCGPStyle2010Black.rc">
      <Filter>Source Files</Filter>
    </ResourceCompile>
  </ItemGroup>
  <ItemGroup>
    <Image Include="Office 2010 (black)\AppCaption\SysBtn_Back.png">
      <Filter>Resource Files\AppCaption</Filter>
    </Image>
    <Image Include="Office 2010 (black)\AppCaption\SysBtn_Back_C.png">
      <Filter>Resource Files\AppCaption</Filter>
    </Image>
    <Image Include="Office 2010 (black)\AppCaption\SysBtn_Close.png">
      <Filter>Resource Files\AppCaption</Filter>
    </Image>
    <Image Include="Office 2010 (black)\AppCaption\SysBtn_Close_S.png">
      <Filter>Resource Files\AppCaption</Filter>
    </Image>
    <Image Include="Office 2010 (black)\AppCaption\SysBtn_Help.png">
      <Filter>Resource Files\AppCaption</Filter>
    </Image>
    <Image Include="Office 2010 (black)\AppCaption\SysBtn_Help_S.png">
      <Filter>Resource Files\AppCaption</Filter>
    </Image>
    <Image Include="Office 2010 (black)\AppCaption\SysBtn_Maximize.png">
      <Filter>Resource Files\AppCaption</Filter>
    </Image>
    <Image Include="Office 2010 (black)\AppCaption\SysBtn_Maximize_S.png">
      <Filter>Resource Files\AppCaption</Filter>
    </Image>
    <Image Include="Office 2010 (black)\AppCaption\SysBtn_Minimize.png">
      <Filter>Resource Files\AppCaption</Filter>
    </Image>
    <Image Include="Office 2010 (black)\AppCaption\SysBtn_Minimize_S.png">
      <Filter>Resource Files\AppCaption</Filter>
    </Image>
    <Image Include="Office 2010 (black)\AppCaption\SysBtn_Restore.png">
      <Filter>Resource Files\AppCaption</Filter>
    </Image>
    <Image Include="Office 2010 (black)\AppCaption\SysBtn_Restore_S.png">
      <Filter>Resource Files\AppCaption</Filter>
    </Image>
    <Image Include="Office 2010 (black)\ComboBox\Btn.png">
      <Filter>Resource Files\ComboBox</Filter>
    </Image>
    <Image Include="Office 2010 (black)\MainWnd\AppCaption.png">
      <Filter>Resource Files\MainWnd</Filter>
    </Image>
    <Image Include="Office 2010 (black)\MainWnd\Border.png">
      <Filter>Resource Files\MainWnd</Filter>
    </Image>
    <Image Include="Office 2010 (black)\MainWnd\BorderCaption.png">
      <Filter>Resource Files\MainWnd</Filter>
    </Image>
    <Image Include="Office 2010 (black)\MainWnd\BorderMDIChild.png">
      <Filter>Resource Files\MainWnd</Filter>
    </Image>
    <Image Include="Office 2010 (black)\MenuBar\Btn.png">
      <Filter>Resource Files\MenuBar</Filter>
    </Image>
    <Image Include="Office 2010 (black)\PopupBar\Border.png">
      <Filter>Resource Files\PopupBar</Filter>
    </Image>
    <Image Include="Office 2010 (black)\PopupBar\Gripper.png">
      <Filter>Resource Files\PopupBar</Filter>
    </Image>
    <Image Include="Office 2010 (black)\PopupBar\Item_Back.png">
      <Filter>Resource Files\PopupBar</Filter>
    </Image>
    <Image Include="Office 2010 (black)\PopupBar\Item_Marker_C.png">
      <Filter>Resource Files\PopupBar</Filter>
    </Image>
    <Image Include="Office 2010 (black)\PopupBar\Item_Marker_R.png">
      <Filter>Resource Files\PopupBar</Filter>
    </Image>
    <Image Include="Office 2010 (black)\PopupBar\Item_Pin.png">
      <Filter>Resource Files\PopupBar</Filter>
    </Image>
    <Image Include="Office 2010 (black)\PopupBar\MenuButton.png">
      <Filter>Resource Files\PopupBar</Filter>
    </Image>
    <Image Include="Office 2010 (black)\PopupBar\MenuHighlight.png">
      <Filter>Resource Files\PopupBar</Filter>
    </Image>
    <Image Include="Office 2010 (black)\PopupBar\MenuHighlightDisabled.png">
      <Filter>Resource Files\PopupBar</Filter>
    </Image>
    <Image Include="Office 2010 (black)\PopupBar\MenuScrollBtn.png">
      <Filter>Resource Files\PopupBar</Filter>
    </Image>
    <Image Include="Office 2010 (black)\PopupBar\ResizeBar.png">
      <Filter>Resource Files\PopupBar</Filter>
    </Image>
    <Image Include="Office 2010 (black)\PopupBar\ResizeBar_HV.png">
      <Filter>Resource Files\PopupBar</Filter>
    </Image>
    <Image Include="Office 2010 (black)\PopupBar\ResizeBar_HVT.png">
      <Filter>Resource Files\PopupBar</Filter>
    </Image>
    <Image Include="Office 2010 (black)\PopupBar\ResizeBar_V.png">
      <Filter>Resource Files\PopupBar</Filter>
    </Image>
    <Image Include="Office 2010 (black)\PopupBar\Tear.png">
      <Filter>Resource Files\PopupBar</Filter>
    </Image>
    <Image Include="Office 2010 (black)\StatusBar\Back.png">
      <Filter>Resource Files\StatusBar</Filter>
    </Image>
    <Image Include="Office 2010 (black)\StatusBar\Back_Ext.png">
      <Filter>Resource Files\StatusBar</Filter>
    </Image>
    <Image Include="Office 2010 (black)\StatusBar\PaneBorder.png">
      <Filter>Resource Files\StatusBar</Filter>
    </Image>
    <Image Include="Office 2010 (black)\StatusBar\SizeGrip.png">
      <Filter>Resource Files\StatusBar</Filter>
    </Image>
    <Image Include="Office 2010 (black)\Tab\3D.png">
      <Filter>Resource Files\Tab</Filter>
    </Image>
    <Image Include="Office 2010 (black)\Tab\Dot_E.png">
      <Filter>Resource Files\Tab</Filter>
    </Image>
    <Image Include="Office 2010 (black)\Tab\Dot_R.png">
      <Filter>Resource Files\Tab</Filter>
    </Image>
    <Image Include="Office 2010 (black)\Tab\Flat.png">
      <Filter>Resource Files\Tab</Filter>
    </Image>
    <Image Include="Office 2010 (black)\TaskPane\ScrollBtn.png">
      <Filter>Resource Files\TaskPane</Filter>
    </Image>
    <Image Include="Office 2010 (black)\ToolBar\Btn.png">
      <Filter>Resource Files\ToolBar</Filter>
    </Image>
    <Image Include="Office 2010 (black)\Ribbon\Buttons\BS_List_Icon.png">
      <Filter>Resource Files\Ribbon\Buttons</Filter>
    </Image>
    <Image Include="Office 2010 (black)\Ribbon\Buttons\BS_Normal.png">
      <Filter>Resource Files\Ribbon\Buttons</Filter>
    </Image>
    <Image Include="Office 2010 (black)\Ribbon\Buttons\BS_Push.png">
      <Filter>Resource Files\Ribbon\Buttons</Filter>
    </Image>
    <Image Include="Office 2010 (black)\Ribbon\Buttons\BS_Separator_H.png">
      <Filter>Resource Files\Ribbon\Buttons</Filter>
    </Image>
    <Image Include="Office 2010 (black)\Ribbon\Buttons\BS_Separator_V.png">
      <Filter>Resource Files\Ribbon\Buttons</Filter>
    </Image>
    <Image Include="Office 2010 (black)\Ribbon\Buttons\BS_View.png">
      <Filter>Resource Files\Ribbon\Buttons</Filter>
    </Image>
    <Image Include="Office 2010 (black)\Ribbon\Buttons\BS_View_Icon.png">
      <Filter>Resource Files\Ribbon\Buttons</Filter>
    </Image>
    <Image Include="Office 2010 (black)\Ribbon\Buttons\Check.png">
      <Filter>Resource Files\Ribbon\Buttons</Filter>
    </Image>
    <Image Include="Office 2010 (black)\Ribbon\Buttons\Default.png">
      <Filter>Resource Files\Ribbon\Buttons</Filter>
    </Image>
    <Image Include="Office 2010 (black)\Ribbon\Buttons\Default_Icon.png">
      <Filter>Resource Files\Ribbon\Buttons</Filter>
    </Image>
    <Image Include="Office 2010 (black)\Ribbon\Buttons\Default_Image.png">
      <Filter>Resource Files\Ribbon\Buttons</Filter>
    </Image>
    <Image Include="Office 2010 (black)\Ribbon\Buttons\Default_QAT.png">
      <Filter>Resource Files\Ribbon\Buttons</Filter>
    </Image>
    <Image Include="Office 2010 (black)\Ribbon\Buttons\Group.png">
      <Filter>Resource Files\Ribbon\Buttons</Filter>
    </Image>
    <Image Include="Office 2010 (black)\Ribbon\Buttons\Group_S.png">
      <Filter>Resource Files\Ribbon\Buttons</Filter>
    </Image>
    <Image Include="Office 2010 (black)\Ribbon\Buttons\GroupMenu_F_C.png">
      <Filter>Resource Files\Ribbon\Buttons</Filter>
    </Image>
    <Image Include="Office 2010 (black)\Ribbon\Buttons\GroupMenu_L_M.png">
      <Filter>Resource Files\Ribbon\Buttons</Filter>
    </Image>
    <Image Include="Office 2010 (black)\Ribbon\Buttons\GroupSeparator.png">
      <Filter>Resource Files\Ribbon\Buttons</Filter>
    </Image>
    <Image Include="Office 2010 (black)\Ribbon\Buttons\Launch.png">
      <Filter>Resource Files\Ribbon\Buttons</Filter>
    </Image>
    <Image Include="Office 2010 (black)\Ribbon\Buttons\Launch_Icon.png">
      <Filter>Resource Files\Ribbon\Buttons</Filter>
    </Image>
    <Image Include="Office 2010 (black)\Ribbon\Buttons\Main.png">
      <Filter>Resource Files\Ribbon\Buttons</Filter>
    </Image>
    <Image Include="Office 2010 (black)\Ribbon\Buttons\Main_Panel.png">
      <Filter>Resource Files\Ribbon\Buttons</Filter>
    </Image>
    <Image Include="Office 2010 (black)\Ribbon\Buttons\Menu_H_C.png">
      <Filter>Resource Files\Ribbon\Buttons</Filter>
    </Image>
    <Image Include="Office 2010 (black)\Ribbon\Buttons\Menu_H_M.png">
      <Filter>Resource Files\Ribbon\Buttons</Filter>
    </Image>
    <Image Include="Office 2010 (black)\Ribbon\Buttons\Menu_V_C.png">
      <Filter>Resource Files\Ribbon\Buttons</Filter>
    </Image>
    <Image Include="Office 2010 (black)\Ribbon\Buttons\Menu_V_M.png">
      <Filter>Resource Files\Ribbon\Buttons</Filter>
    </Image>
    <Image Include="Office 2010 (black)\Ribbon\Buttons\Minimize_Icon.PNG">
      <Filter>Resource Files\Ribbon\Buttons</Filter>
    </Image>
    <Image Include="Office 2010 (black)\Ribbon\Buttons\Normal_B.png">
      <Filter>Resource Files\Ribbon\Buttons</Filter>
    </Image>
    <Image Include="Office 2010 (black)\Ribbon\Buttons\Normal_S.png">
      <Filter>Resource Files\Ribbon\Buttons</Filter>
    </Image>
    <Image Include="Office 2010 (black)\Ribbon\Buttons\Page_L.png">
      <Filter>Resource Files\Ribbon\Buttons</Filter>
    </Image>
    <Image Include="Office 2010 (black)\Ribbon\Buttons\Page_R.png">
      <Filter>Resource Files\Ribbon\Buttons</Filter>
    </Image>
    <Image Include="Office 2010 (black)\Ribbon\Buttons\Palette_B.png">
      <Filter>Resource Files\Ribbon\Buttons</Filter>
    </Image>
    <Image Include="Office 2010 (black)\Ribbon\Buttons\Palette_M.png">
      <Filter>Resource Files\Ribbon\Buttons</Filter>
    </Image>
    <Image Include="Office 2010 (black)\Ribbon\Buttons\Palette_T.png">
      <Filter>Resource Files\Ribbon\Buttons</Filter>
    </Image>
    <Image Include="Office 2010 (black)\Ribbon\Buttons\Push.png">
      <Filter>Resource Files\Ribbon\Buttons</Filter>
    </Image>
    <Image Include="Office 2010 (black)\Ribbon\Buttons\Radio.PNG">
      <Filter>Resource Files\Ribbon\Buttons</Filter>
    </Image>
    <Image Include="Office 2010 (black)\Ribbon\Buttons\StatusPane.png">
      <Filter>Resource Files\Ribbon\Buttons</Filter>
    </Image>
    <Image Include="Office 2010 (black)\Ribbon\Category_Context\Red\Back.png">
      <Filter>Resource Files\Ribbon\Category_Context\Red</Filter>
    </Image>
    <Image Include="Office 2010 (black)\Ribbon\Category_Context\Red\Caption.png">
      <Filter>Resource Files\Ribbon\Category_Context\Red</Filter>
    </Image>
    <Image Include="Office 2010 (black)\Ribbon\Category_Context\Red\Default.png">
      <Filter>Resource Files\Ribbon\Category_Context\Red</Filter>
    </Image>
    <Image Include="Office 2010 (black)\Ribbon\Category_Context\Red\Panel.png">
      <Filter>Resource Files\Ribbon\Category_Context\Red</Filter>
    </Image>
    <Image Include="Office 2010 (black)\Ribbon\Category_Context\Red\Separator.png">
      <Filter>Resource Files\Ribbon\Category_Context\Red</Filter>
    </Image>
    <Image Include="Office 2010 (black)\Ribbon\Category_Context\Red\Tab.png">
      <Filter>Resource Files\Ribbon\Category_Context\Red</Filter>
    </Image>
    <Image Include="Office 2010 (black)\Ribbon\Category_Context\Red\Tab_Glow.png">
      <Filter>Resource Files\Ribbon\Category_Context\Red</Filter>
    </Image>
    <Image Include="Office 2010 (black)\Ribbon\Category_Context\Orange\Back.png">
      <Filter>Resource Files\Ribbon\Category_Context\Orange</Filter>
    </Image>
    <Image Include="Office 2010 (black)\Ribbon\Category_Context\Orange\Caption.png">
      <Filter>Resource Files\Ribbon\Category_Context\Orange</Filter>
    </Image>
    <Image Include="Office 2010 (black)\Ribbon\Category_Context\Orange\Default.png">
      <Filter>Resource Files\Ribbon\Category_Context\Orange</Filter>
    </Image>
    <Image Include="Office 2010 (black)\Ribbon\Category_Context\Orange\Panel.PNG">
      <Filter>Resource Files\Ribbon\Category_Context\Orange</Filter>
    </Image>
    <Image Include="Office 2010 (black)\Ribbon\Category_Context\Orange\Separator.png">
      <Filter>Resource Files\Ribbon\Category_Context\Orange</Filter>
    </Image>
    <Image Include="Office 2010 (black)\Ribbon\Category_Context\Orange\Tab.png">
      <Filter>Resource Files\Ribbon\Category_Context\Orange</Filter>
    </Image>
    <Image Include="Office 2010 (black)\Ribbon\Category_Context\Orange\Tab_Glow.png">
      <Filter>Resource Files\Ribbon\Category_Context\Orange</Filter>
    </Image>
    <Image Include="Office 2010 (black)\Ribbon\Category_Context\Yellow\Back.png">
      <Filter>Resource Files\Ribbon\Category_Context\Yellow</Filter>
    </Image>
    <Image Include="Office 2010 (black)\Ribbon\Category_Context\Yellow\Caption.png">
      <Filter>Resource Files\Ribbon\Category_Context\Yellow</Filter>
    </Image>
    <Image Include="Office 2010 (black)\Ribbon\Category_Context\Yellow\Default.png">
      <Filter>Resource Files\Ribbon\Category_Context\Yellow</Filter>
    </Image>
    <Image Include="Office 2010 (black)\Ribbon\Category_Context\Yellow\Panel.png">
      <Filter>Resource Files\Ribbon\Category_Context\Yellow</Filter>
    </Image>
    <Image Include="Office 2010 (black)\Ribbon\Category_Context\Yellow\Separator.png">
      <Filter>Resource Files\Ribbon\Category_Context\Yellow</Filter>
    </Image>
    <Image Include="Office 2010 (black)\Ribbon\Category_Context\Yellow\Tab.png">
      <Filter>Resource Files\Ribbon\Category_Context\Yellow</Filter>
    </Image>
    <Image Include="Office 2010 (black)\Ribbon\Category_Context\Yellow\Tab_Glow.png">
      <Filter>Resource Files\Ribbon\Category_Context\Yellow</Filter>
    </Image>
    <Image Include="Office 2010 (black)\Ribbon\Category_Context\Green\Back.png">
      <Filter>Resource Files\Ribbon\Category_Context\Green</Filter>
    </Image>
    <Image Include="Office 2010 (black)\Ribbon\Category_Context\Green\Caption.png">
      <Filter>Resource Files\Ribbon\Category_Context\Green</Filter>
    </Image>
    <Image Include="Office 2010 (black)\Ribbon\Category_Context\Green\Default.png">
      <Filter>Resource Files\Ribbon\Category_Context\Green</Filter>
    </Image>
    <Image Include="Office 2010 (black)\Ribbon\Category_Context\Green\Panel.PNG">
      <Filter>Resource Files\Ribbon\Category_Context\Green</Filter>
    </Image>
    <Image Include="Office 2010 (black)\Ribbon\Category_Context\Green\Separator.png">
      <Filter>Resource Files\Ribbon\Category_Context\Green</Filter>
    </Image>
    <Image Include="Office 2010 (black)\Ribbon\Category_Context\Green\Tab.png">
      <Filter>Resource Files\Ribbon\Category_Context\Green</Filter>
    </Image>
    <Image Include="Office 2010 (black)\Ribbon\Category_Context\Green\Tab_Glow.png">
      <Filter>Resource Files\Ribbon\Category_Context\Green</Filter>
    </Image>
    <Image Include="Office 2010 (black)\Ribbon\Category_Context\Blue\Back.png">
      <Filter>Resource Files\Ribbon\Category_Context\Black</Filter>
    </Image>
    <Image Include="Office 2010 (black)\Ribbon\Category_Context\Blue\Caption.png">
      <Filter>Resource Files\Ribbon\Category_Context\Black</Filter>
    </Image>
    <Image Include="Office 2010 (black)\Ribbon\Category_Context\Blue\Default.png">
      <Filter>Resource Files\Ribbon\Category_Context\Black</Filter>
    </Image>
    <Image Include="Office 2010 (black)\Ribbon\Category_Context\Blue\Panel.png">
      <Filter>Resource Files\Ribbon\Category_Context\Black</Filter>
    </Image>
    <Image Include="Office 2010 (black)\Ribbon\Category_Context\Blue\Separator.png">
      <Filter>Resource Files\Ribbon\Category_Context\Black</Filter>
    </Image>
    <Image Include="Office 2010 (black)\Ribbon\Category_Context\Blue\Tab.png">
      <Filter>Resource Files\Ribbon\Category_Context\Black</Filter>
    </Image>
    <Image Include="Office 2010 (black)\Ribbon\Category_Context\Blue\Tab_Glow.png">
      <Filter>Resource Files\Ribbon\Category_Context\Black</Filter>
    </Image>
    <Image Include="Office 2010 (black)\Ribbon\Category_Context\Indigo\Back.png">
      <Filter>Resource Files\Ribbon\Category_Context\Indigo</Filter>
    </Image>
    <Image Include="Office 2010 (black)\Ribbon\Category_Context\Indigo\Caption.png">
      <Filter>Resource Files\Ribbon\Category_Context\Indigo</Filter>
    </Image>
    <Image Include="Office 2010 (black)\Ribbon\Category_Context\Indigo\Default.png">
      <Filter>Resource Files\Ribbon\Category_Context\Indigo</Filter>
    </Image>
    <Image Include="Office 2010 (black)\Ribbon\Category_Context\Indigo\Panel.png">
      <Filter>Resource Files\Ribbon\Category_Context\Indigo</Filter>
    </Image>
    <Image Include="Office 2010 (black)\Ribbon\Category_Context\Indigo\Separator.png">
      <Filter>Resource Files\Ribbon\Category_Context\Indigo</Filter>
    </Image>
    <Image Include="Office 2010 (black)\Ribbon\Category_Context\Indigo\Tab.png">
      <Filter>Resource Files\Ribbon\Category_Context\Indigo</Filter>
    </Image>
    <Image Include="Office 2010 (black)\Ribbon\Category_Context\Indigo\Tab_Glow.png">
      <Filter>Resource Files\Ribbon\Category_Context\Indigo</Filter>
    </Image>
    <Image Include="Office 2010 (black)\Ribbon\Category_Context\Violet\Back.png">
      <Filter>Resource Files\Ribbon\Category_Context\Violet</Filter>
    </Image>
    <Image Include="Office 2010 (black)\Ribbon\Category_Context\Violet\Caption.png">
      <Filter>Resource Files\Ribbon\Category_Context\Violet</Filter>
    </Image>
    <Image Include="Office 2010 (black)\Ribbon\Category_Context\Violet\Default.png">
      <Filter>Resource Files\Ribbon\Category_Context\Violet</Filter>
    </Image>
    <Image Include="Office 2010 (black)\Ribbon\Category_Context\Violet\Panel.png">
      <Filter>Resource Files\Ribbon\Category_Context\Violet</Filter>
    </Image>
    <Image Include="Office 2010 (black)\Ribbon\Category_Context\Violet\Separator.png">
      <Filter>Resource Files\Ribbon\Category_Context\Violet</Filter>
    </Image>
    <Image Include="Office 2010 (black)\Ribbon\Category_Context\Violet\Tab.png">
      <Filter>Resource Files\Ribbon\Category_Context\Violet</Filter>
    </Image>
    <Image Include="Office 2010 (black)\Ribbon\Category_Context\Violet\Tab_Glow.png">
      <Filter>Resource Files\Ribbon\Category_Context\Violet</Filter>
    </Image>
    <Image Include="Office 2010 (black)\Ribbon\Slider\Minus.png">
      <Filter>Resource Files\Ribbon\Slider</Filter>
    </Image>
    <Image Include="Office 2010 (black)\Ribbon\Slider\Plus.png">
      <Filter>Resource Files\Ribbon\Slider</Filter>
    </Image>
    <Image Include="Office 2010 (black)\Ribbon\Slider\Thumb.png">
      <Filter>Resource Files\Ribbon\Slider</Filter>
    </Image>
    <Image Include="Office 2010 (black)\Ribbon\Slider\Thumb_H.png">
      <Filter>Resource Files\Ribbon\Slider</Filter>
    </Image>
    <Image Include="Office 2010 (black)\Ribbon\Slider\Thumb_L.png">
      <Filter>Resource Files\Ribbon\Slider</Filter>
    </Image>
    <Image Include="Office 2010 (black)\Ribbon\Slider\Thumb_R.png">
      <Filter>Resource Files\Ribbon\Slider</Filter>
    </Image>
    <Image Include="Office 2010 (black)\Ribbon\Slider\Thumb_T.png">
      <Filter>Resource Files\Ribbon\Slider</Filter>
    </Image>
    <Image Include="Office 2010 (black)\Ribbon\Slider\Thumb_V.png">
      <Filter>Resource Files\Ribbon\Slider</Filter>
    </Image>
    <Image Include="Office 2010 (black)\Ribbon\Progress\Back.png">
      <Filter>Resource Files\Ribbon\Progress</Filter>
    </Image>
    <Image Include="Office 2010 (black)\Ribbon\Progress\Infinity.png">
      <Filter>Resource Files\Ribbon\Progress</Filter>
    </Image>
    <Image Include="Office 2010 (black)\Ribbon\Progress\Normal.png">
      <Filter>Resource Files\Ribbon\Progress</Filter>
    </Image>
    <Image Include="Office 2010 (black)\Ribbon\Progress\Normal_Ext.png">
      <Filter>Resource Files\Ribbon\Progress</Filter>
    </Image>
    <Image Include="Office 2010 (black)\Ribbon\Border_Floaty.png">
      <Filter>Resource Files\Ribbon</Filter>
    </Image>
    <Image Include="Office 2010 (black)\Ribbon\Border_Panel.png">
      <Filter>Resource Files\Ribbon</Filter>
    </Image>
    <Image Include="Office 2010 (black)\Ribbon\Border_QAT.png">
      <Filter>Resource Files\Ribbon</Filter>
    </Image>
    <Image Include="Office 2010 (black)\Ribbon\Caption_QA.png">
      <Filter>Resource Files\Ribbon</Filter>
    </Image>
    <Image Include="Office 2010 (black)\Ribbon\Caption_QA_Glass.png">
      <Filter>Resource Files\Ribbon</Filter>
    </Image>
    <Image Include="Office 2010 (black)\Ribbon\Category_Back.png">
      <Filter>Resource Files\Ribbon</Filter>
    </Image>
    <Image Include="Office 2010 (black)\Ribbon\Category_Tab.png">
      <Filter>Resource Files\Ribbon</Filter>
    </Image>
    <Image Include="Office 2010 (black)\Ribbon\Category_Tab_Frame.png">
      <Filter>Resource Files\Ribbon</Filter>
    </Image>
    <Image Include="Office 2010 (black)\Ribbon\Category_Tab_Sep.png">
      <Filter>Resource Files\Ribbon</Filter>
    </Image>
    <Image Include="Office 2010 (black)\Ribbon\KeyTip.png">
      <Filter>Resource Files\Ribbon</Filter>
    </Image>
    <Image Include="Office 2010 (black)\Ribbon\Panel_Back.png">
      <Filter>Resource Files\Ribbon</Filter>
    </Image>
    <Image Include="Office 2010 (black)\Ribbon\Panel_BS.png">
      <Filter>Resource Files\Ribbon</Filter>
    </Image>
    <Image Include="Office 2010 (black)\Ribbon\Panel_Main.png">
      <Filter>Resource Files\Ribbon</Filter>
    </Image>
    <Image Include="Office 2010 (black)\Ribbon\Panel_Main_Border.png">
      <Filter>Resource Files\Ribbon</Filter>
    </Image>
    <Image Include="Office 2010 (black)\Ribbon\Panel_QAT.png">
      <Filter>Resource Files\Ribbon</Filter>
    </Image>
    <Image Include="Office 2010 (black)\Ribbon\Separator.png">
      <Filter>Resource Files\Ribbon</Filter>
    </Image>
    <Image Include="Office 2010 (black)\OutlookWnd\BarBack.png">
      <Filter>Resource Files\Outlook</Filter>
    </Image>
    <Image Include="Office 2010 (black)\OutlookWnd\BtnPage.png">
      <Filter>Resource Files\Outlook</Filter>
    </Image>
    <Image Include="Office 2010 (black)\OutlookWnd\Splitter.png">
      <Filter>Resource Files\Outlook</Filter>
    </Image>
    <Image Include="Office 2010 (black)\Scroll\Horz\Back_1.png">
      <Filter>Resource Files\Scroll\Horz</Filter>
    </Image>
    <Image Include="Office 2010 (black)\Scroll\Horz\Back_2.png">
      <Filter>Resource Files\Scroll\Horz</Filter>
    </Image>
    <Image Include="Office 2010 (black)\Scroll\Horz\Item_1.png">
      <Filter>Resource Files\Scroll\Horz</Filter>
    </Image>
    <Image Include="Office 2010 (black)\Scroll\Horz\Item_2.png">
      <Filter>Resource Files\Scroll\Horz</Filter>
    </Image>
    <Image Include="Office 2010 (black)\Scroll\Horz\Thumb_1.png">
      <Filter>Resource Files\Scroll\Horz</Filter>
    </Image>
    <Image Include="Office 2010 (black)\Scroll\Horz\Thumb_2.png">
      <Filter>Resource Files\Scroll\Horz</Filter>
    </Image>
    <Image Include="Office 2010 (black)\Scroll\Horz\ThumbIcon.png">
      <Filter>Resource Files\Scroll\Horz</Filter>
    </Image>
    <Image Include="Office 2010 (black)\Scroll\Vert\Back_1.png">
      <Filter>Resource Files\Scroll\Vert</Filter>
    </Image>
    <Image Include="Office 2010 (black)\Scroll\Vert\Back_2.png">
      <Filter>Resource Files\Scroll\Vert</Filter>
    </Image>
    <Image Include="Office 2010 (black)\Scroll\Vert\Item_1.png">
      <Filter>Resource Files\Scroll\Vert</Filter>
    </Image>
    <Image Include="Office 2010 (black)\Scroll\Vert\Item_2.png">
      <Filter>Resource Files\Scroll\Vert</Filter>
    </Image>
    <Image Include="Office 2010 (black)\Scroll\Vert\Thumb_1.png">
      <Filter>Resource Files\Scroll\Vert</Filter>
    </Image>
    <Image Include="Office 2010 (black)\Scroll\Vert\Thumb_2.png">
      <Filter>Resource Files\Scroll\Vert</Filter>
    </Image>
    <Image Include="Office 2010 (black)\Scroll\Vert\ThumbIcon.png">
      <Filter>Resource Files\Scroll\Vert</Filter>
    </Image>
    <Image Include="Office 2010 (black)\Slider\Thumb_B.png">
      <Filter>Resource Files\Slider No. 1</Filter>
    </Image>
    <Image Include="Office 2010 (black)\Slider\Thumb_H.png">
      <Filter>Resource Files\Slider No. 1</Filter>
    </Image>
    <Image Include="Office 2010 (black)\Slider\Thumb_L.png">
      <Filter>Resource Files\Slider No. 1</Filter>
    </Image>
    <Image Include="Office 2010 (black)\Slider\Thumb_R.png">
      <Filter>Resource Files\Slider No. 1</Filter>
    </Image>
    <Image Include="Office 2010 (black)\Slider\Thumb_T.png">
      <Filter>Resource Files\Slider No. 1</Filter>
    </Image>
    <Image Include="Office 2010 (black)\Slider\Thumb_V.png">
      <Filter>Resource Files\Slider No. 1</Filter>
    </Image>
    <Image Include="Office 2010 (black)\Calculator\Btn.png">
      <Filter>Resource Files\Calculator</Filter>
    </Image>
  </ItemGroup>
  <ItemGroup>
    <Xml Include="Office 2010 (black)\Style.xml">
      <Filter>Resource Files</Filter>
    </Xml>
  </ItemGroup>
  <ItemGroup>
    <CustomBuild Include="BCGPStyle2010Black.rc2">
      <Filter>Source Files</Filter>
    </CustomBuild>
  </ItemGroup>
</Project>